// !$*UTF8*$!
{
	archiveVersion = 1;
	classes = {
	};
	objectVersion = 46;
	objects = {

/* Begin PBXBuildFile section */
		6BA7A0B108064810A864A538 /* libPods.a in Frameworks */ = {isa = PBXBuildFile; fileRef = 9628ACA354870A8FADE8F0D1 /* libPods.a */; };
		DB0243331D54268000E99FA8 /* NSString+Rect.m in Sources */ = {isa = PBXBuildFile; fileRef = DB0243321D54268000E99FA8 /* NSString+Rect.m */; };
		DB0243361D54290900E99FA8 /* YHNetWork.m in Sources */ = {isa = PBXBuildFile; fileRef = DB0243351D54290900E99FA8 /* YHNetWork.m */; };
		DB02433C1D54656C00E99FA8 /* YHReachability.m in Sources */ = {isa = PBXBuildFile; fileRef = DB02433B1D54656C00E99FA8 /* YHReachability.m */; };
		DB160CAA1D9B6E5C004E11FA /* YHPhotoPickHighImageCell.m in Sources */ = {isa = PBXBuildFile; fileRef = DB160CA81D9B6E5C004E11FA /* YHPhotoPickHighImageCell.m */; };
		DB160CAB1D9B6E5C004E11FA /* YHPhotoPickHighImageCell.xib in Resources */ = {isa = PBXBuildFile; fileRef = DB160CA91D9B6E5C004E11FA /* YHPhotoPickHighImageCell.xib */; };
		DB2191FC1D6D3A7B00AD48DB /* NewsViewController.m in Sources */ = {isa = PBXBuildFile; fileRef = DB2191FA1D6D3A7B00AD48DB /* NewsViewController.m */; };
		DB2191FD1D6D3A7B00AD48DB /* NewsViewController.xib in Resources */ = {isa = PBXBuildFile; fileRef = DB2191FB1D6D3A7B00AD48DB /* NewsViewController.xib */; };
		DB2192001D6D843300AD48DB /* NewContentView.m in Sources */ = {isa = PBXBuildFile; fileRef = DB2191FF1D6D843300AD48DB /* NewContentView.m */; };
		DB2192031D6D86AA00AD48DB /* NewsTableViewDelegate.m in Sources */ = {isa = PBXBuildFile; fileRef = DB2192021D6D86AA00AD48DB /* NewsTableViewDelegate.m */; };
		DB2192051D6D9C7300AD48DB /* newsView.png in Resources */ = {isa = PBXBuildFile; fileRef = DB2192041D6D9C7300AD48DB /* newsView.png */; };
		DB2A88181D6EDC89006010C8 /* QRCodeCameraViewController.m in Sources */ = {isa = PBXBuildFile; fileRef = DB2A88111D6EDC89006010C8 /* QRCodeCameraViewController.m */; };
		DB2A88191D6EDC89006010C8 /* QRCodeCreate.m in Sources */ = {isa = PBXBuildFile; fileRef = DB2A88131D6EDC89006010C8 /* QRCodeCreate.m */; };
		DB2A881A1D6EDC89006010C8 /* QRCodePhotoLibrary.m in Sources */ = {isa = PBXBuildFile; fileRef = DB2A88151D6EDC89006010C8 /* QRCodePhotoLibrary.m */; };
		DB2A881B1D6EDC89006010C8 /* QRCodeTools.m in Sources */ = {isa = PBXBuildFile; fileRef = DB2A88171D6EDC89006010C8 /* QRCodeTools.m */; };
		DB2A881D1D6EDC97006010C8 /* QRCodeScanLine.png in Resources */ = {isa = PBXBuildFile; fileRef = DB2A881C1D6EDC97006010C8 /* QRCodeScanLine.png */; };
		DB2A88221D6EDCC0006010C8 /* QRCodeViewController.m in Sources */ = {isa = PBXBuildFile; fileRef = DB2A88201D6EDCC0006010C8 /* QRCodeViewController.m */; };
		DB2A88231D6EDCC0006010C8 /* QRCodeViewController.xib in Resources */ = {isa = PBXBuildFile; fileRef = DB2A88211D6EDCC0006010C8 /* QRCodeViewController.xib */; };
		DB2BF2961D8924A400C478C9 /* PhotoThrough.m in Sources */ = {isa = PBXBuildFile; fileRef = DB2BF2951D8924A400C478C9 /* PhotoThrough.m */; };
		DB2BF29B1D89310800C478C9 /* YHPhotoThroughViewController.m in Sources */ = {isa = PBXBuildFile; fileRef = DB2BF29A1D89310800C478C9 /* YHPhotoThroughViewController.m */; };
		DB2BF2A41D893E9100C478C9 /* YHPhotoThroughCell.m in Sources */ = {isa = PBXBuildFile; fileRef = DB2BF2A21D893E9100C478C9 /* YHPhotoThroughCell.m */; };
		DB2BF2A51D893E9100C478C9 /* YHPhotoThroughCell.xib in Resources */ = {isa = PBXBuildFile; fileRef = DB2BF2A31D893E9100C478C9 /* YHPhotoThroughCell.xib */; };
		DB2F49301D66A1C6001E5B30 /* YHWaterFallLayout.m in Sources */ = {isa = PBXBuildFile; fileRef = DB2F492F1D66A1C6001E5B30 /* YHWaterFallLayout.m */; };
		DB315B5E1D41FE9100069C87 /* YHDBYTKValueStore.m in Sources */ = {isa = PBXBuildFile; fileRef = DB315B5D1D41FE9100069C87 /* YHDBYTKValueStore.m */; };
		DB36C87C1D9912D600451513 /* PhotoPickViewController.m in Sources */ = {isa = PBXBuildFile; fileRef = DB36C87A1D9912D600451513 /* PhotoPickViewController.m */; };
		DB36C87D1D9912D600451513 /* PhotoPickViewController.xib in Resources */ = {isa = PBXBuildFile; fileRef = DB36C87B1D9912D600451513 /* PhotoPickViewController.xib */; };
		DB36C8811D9918DE00451513 /* YHPhotoPickCollectionViewCell.m in Sources */ = {isa = PBXBuildFile; fileRef = DB36C87F1D9918DE00451513 /* YHPhotoPickCollectionViewCell.m */; };
		DB36C8821D9918DE00451513 /* YHPhotoPickCollectionViewCell.xib in Resources */ = {isa = PBXBuildFile; fileRef = DB36C8801D9918DE00451513 /* YHPhotoPickCollectionViewCell.xib */; };
		DB36C8851D99227400451513 /* YHPreConstant.m in Sources */ = {isa = PBXBuildFile; fileRef = DB36C8841D99227400451513 /* YHPreConstant.m */; };
		DB36C8881D9927E000451513 /* YHAssets.m in Sources */ = {isa = PBXBuildFile; fileRef = DB36C8871D9927E000451513 /* YHAssets.m */; };
		DB36C88B1D9A4E4E00451513 /* YHBottomView.m in Sources */ = {isa = PBXBuildFile; fileRef = DB36C88A1D9A4E4E00451513 /* YHBottomView.m */; };
		DB36C88D1D9A4E7B00451513 /* YHBottomView.xib in Resources */ = {isa = PBXBuildFile; fileRef = DB36C88C1D9A4E7B00451513 /* YHBottomView.xib */; };
		DB378E251D5C21B900A375DA /* YHFileDownloadStore.m in Sources */ = {isa = PBXBuildFile; fileRef = DB378E241D5C21B900A375DA /* YHFileDownloadStore.m */; };
		DB3DA0BC1D34BC360016D137 /* YHDeviceTools.m in Sources */ = {isa = PBXBuildFile; fileRef = DB3DA0BB1D34BC360016D137 /* YHDeviceTools.m */; };
		DB3DA0BF1D34D2500016D137 /* UIView+Frame.m in Sources */ = {isa = PBXBuildFile; fileRef = DB3DA0BE1D34D2500016D137 /* UIView+Frame.m */; };
		DB3DA0C21D34E0190016D137 /* YHLogger.m in Sources */ = {isa = PBXBuildFile; fileRef = DB3DA0C11D34E0190016D137 /* YHLogger.m */; };
		DB3DA0C51D34ECF30016D137 /* YHLogFormat.m in Sources */ = {isa = PBXBuildFile; fileRef = DB3DA0C41D34ECF30016D137 /* YHLogFormat.m */; };
		DB44B54A1D3F5CE0000D98C5 /* YHDBSQLite.m in Sources */ = {isa = PBXBuildFile; fileRef = DB44B5491D3F5CE0000D98C5 /* YHDBSQLite.m */; };
		DB44B54D1D3F8371000D98C5 /* YHDBManager.m in Sources */ = {isa = PBXBuildFile; fileRef = DB44B54C1D3F8371000D98C5 /* YHDBManager.m */; };
		DB4992281D91160900272AEB /* YHPhotoCollectionViewCell.m in Sources */ = {isa = PBXBuildFile; fileRef = DB4992261D91160900272AEB /* YHPhotoCollectionViewCell.m */; };
		DB4992291D91160900272AEB /* YHPhotoCollectionViewCell.xib in Resources */ = {isa = PBXBuildFile; fileRef = DB4992271D91160900272AEB /* YHPhotoCollectionViewCell.xib */; };
		DB53F7011D4889CF0065F49E /* NSObject+JsonAndDic.m in Sources */ = {isa = PBXBuildFile; fileRef = DB53F7001D4889CF0065F49E /* NSObject+JsonAndDic.m */; };
		DB53F7041D488C990065F49E /* BaseTableViewCell.m in Sources */ = {isa = PBXBuildFile; fileRef = DB53F7031D488C990065F49E /* BaseTableViewCell.m */; };
		DB53F7071D488D290065F49E /* BaseCollectionViewCell.m in Sources */ = {isa = PBXBuildFile; fileRef = DB53F7061D488D290065F49E /* BaseCollectionViewCell.m */; };
		DB53F70A1D4892F00065F49E /* NSNumber+Formatter.m in Sources */ = {isa = PBXBuildFile; fileRef = DB53F7091D4892F00065F49E /* NSNumber+Formatter.m */; };
		DB53F7101D4898160065F49E /* NSString+Secret.m in Sources */ = {isa = PBXBuildFile; fileRef = DB53F70F1D4898160065F49E /* NSString+Secret.m */; };
		DB53F7131D48A02D0065F49E /* RegularCheck.m in Sources */ = {isa = PBXBuildFile; fileRef = DB53F7121D48A02D0065F49E /* RegularCheck.m */; };
		DB53F7241D48AF800065F49E /* YHInternationalControl.m in Sources */ = {isa = PBXBuildFile; fileRef = DB53F7231D48AF800065F49E /* YHInternationalControl.m */; };
		DB5DFB571D6A936D0094C6B1 /* DownloadCell.m in Sources */ = {isa = PBXBuildFile; fileRef = DB5DFB4B1D6A936D0094C6B1 /* DownloadCell.m */; };
		DB5DFB581D6A936D0094C6B1 /* DownloadCell.xib in Resources */ = {isa = PBXBuildFile; fileRef = DB5DFB4C1D6A936D0094C6B1 /* DownloadCell.xib */; };
		DB5DFB591D6A936D0094C6B1 /* DownloadViewController.m in Sources */ = {isa = PBXBuildFile; fileRef = DB5DFB4E1D6A936D0094C6B1 /* DownloadViewController.m */; };
		DB5DFB5A1D6A936D0094C6B1 /* Person.m in Sources */ = {isa = PBXBuildFile; fileRef = DB5DFB511D6A936D0094C6B1 /* Person.m */; };
		DB5DFB5B1D6A936D0094C6B1 /* Son.m in Sources */ = {isa = PBXBuildFile; fileRef = DB5DFB531D6A936D0094C6B1 /* Son.m */; };
		DB5DFB5C1D6A936D0094C6B1 /* WaterViewController.m in Sources */ = {isa = PBXBuildFile; fileRef = DB5DFB561D6A936D0094C6B1 /* WaterViewController.m */; };
		DB5DFB5F1D6A93D70094C6B1 /* ViewController.m in Sources */ = {isa = PBXBuildFile; fileRef = DB5DFB5E1D6A93D70094C6B1 /* ViewController.m */; };
		DB5DFB621D6A93ED0094C6B1 /* Main.storyboard in Resources */ = {isa = PBXBuildFile; fileRef = DB5DFB601D6A93ED0094C6B1 /* Main.storyboard */; };
		DB5DFB641D6A94F80094C6B1 /* VCList.plist in Resources */ = {isa = PBXBuildFile; fileRef = DB5DFB631D6A94F80094C6B1 /* VCList.plist */; };
		DB5DFB6A1D6A9AF70094C6B1 /* AppDelegate.m in Sources */ = {isa = PBXBuildFile; fileRef = DB5DFB691D6A9AF70094C6B1 /* AppDelegate.m */; };
		DB5DFB6C1D6AA03A0094C6B1 /* DownloadViewController.xib in Resources */ = {isa = PBXBuildFile; fileRef = DB5DFB6B1D6AA03A0094C6B1 /* DownloadViewController.xib */; };
		DB5DFB711D6AA1B70094C6B1 /* NetworkViewController.m in Sources */ = {isa = PBXBuildFile; fileRef = DB5DFB6F1D6AA1B70094C6B1 /* NetworkViewController.m */; };
		DB5DFB721D6AA1B70094C6B1 /* NetworkViewController.xib in Resources */ = {isa = PBXBuildFile; fileRef = DB5DFB701D6AA1B70094C6B1 /* NetworkViewController.xib */; };
		DB5DFB781D6AAAAC0094C6B1 /* DeviceInfoViewController.m in Sources */ = {isa = PBXBuildFile; fileRef = DB5DFB761D6AAAAC0094C6B1 /* DeviceInfoViewController.m */; };
		DB5DFB791D6AAAAC0094C6B1 /* DeviceInfoViewController.xib in Resources */ = {isa = PBXBuildFile; fileRef = DB5DFB771D6AAAAC0094C6B1 /* DeviceInfoViewController.xib */; };
		DB5DFB7E1D6ACE5F0094C6B1 /* LanguageViewController.m in Sources */ = {isa = PBXBuildFile; fileRef = DB5DFB7C1D6ACE5F0094C6B1 /* LanguageViewController.m */; };
		DB5DFB7F1D6ACE5F0094C6B1 /* LanguageViewController.xib in Resources */ = {isa = PBXBuildFile; fileRef = DB5DFB7D1D6ACE5F0094C6B1 /* LanguageViewController.xib */; };
		DB5DFB821D6AD0B80094C6B1 /* BaseNavigationViewController.m in Sources */ = {isa = PBXBuildFile; fileRef = DB5DFB811D6AD0B80094C6B1 /* BaseNavigationViewController.m */; };
		DB5DFB871D6ADD670094C6B1 /* FileManagerViewController.m in Sources */ = {isa = PBXBuildFile; fileRef = DB5DFB851D6ADD670094C6B1 /* FileManagerViewController.m */; };
		DB5DFB881D6ADD670094C6B1 /* FileManagerViewController.xib in Resources */ = {isa = PBXBuildFile; fileRef = DB5DFB861D6ADD670094C6B1 /* FileManagerViewController.xib */; };
		DB5DFB8A1D6AEE7F0094C6B1 /* readMe.txt in Resources */ = {isa = PBXBuildFile; fileRef = DB5DFB891D6AEE7F0094C6B1 /* readMe.txt */; };
		DB5DFB8F1D6AEF370094C6B1 /* ReadMeViewController.m in Sources */ = {isa = PBXBuildFile; fileRef = DB5DFB8D1D6AEF370094C6B1 /* ReadMeViewController.m */; };
		DB5DFB901D6AEF370094C6B1 /* ReadMeViewController.xib in Resources */ = {isa = PBXBuildFile; fileRef = DB5DFB8E1D6AEF370094C6B1 /* ReadMeViewController.xib */; };
		DB63FAC11D37811B000C06F5 /* YHCrashCatch.m in Sources */ = {isa = PBXBuildFile; fileRef = DB63FAC01D37811B000C06F5 /* YHCrashCatch.m */; };
		DB983F691D8FC23300677AAE /* PhotoPickViewController.m in Sources */ = {isa = PBXBuildFile; fileRef = DB983F671D8FC23300677AAE /* PhotoPickViewController.m */; };
		DB983F6A1D8FC23300677AAE /* PhotoPickViewController.xib in Resources */ = {isa = PBXBuildFile; fileRef = DB983F681D8FC23300677AAE /* PhotoPickViewController.xib */; };
		DB983F6D1D8FCF2A00677AAE /* YHPhotoAssets.m in Sources */ = {isa = PBXBuildFile; fileRef = DB983F6C1D8FCF2A00677AAE /* YHPhotoAssets.m */; };
		DB983F701D8FE7DD00677AAE /* YHPhotoManager.m in Sources */ = {isa = PBXBuildFile; fileRef = DB983F6F1D8FE7DD00677AAE /* YHPhotoManager.m */; };
		DBA450B01D2CE5E8001ADEDC /* main.m in Sources */ = {isa = PBXBuildFile; fileRef = DBA450AF1D2CE5E8001ADEDC /* main.m */; };
		DBA450BB1D2CE5E8001ADEDC /* Assets.xcassets in Resources */ = {isa = PBXBuildFile; fileRef = DBA450BA1D2CE5E8001ADEDC /* Assets.xcassets */; };
		DBA450BE1D2CE5E8001ADEDC /* LaunchScreen.storyboard in Resources */ = {isa = PBXBuildFile; fileRef = DBA450BC1D2CE5E8001ADEDC /* LaunchScreen.storyboard */; };
		DBA450CE1D2CEA91001ADEDC /* BaseViewController.m in Sources */ = {isa = PBXBuildFile; fileRef = DBA450CD1D2CEA91001ADEDC /* BaseViewController.m */; };
		DBA450D11D2CEAAE001ADEDC /* BaseView.m in Sources */ = {isa = PBXBuildFile; fileRef = DBA450D01D2CEAAE001ADEDC /* BaseView.m */; };
		DBA450D41D2CEADD001ADEDC /* BaseService.m in Sources */ = {isa = PBXBuildFile; fileRef = DBA450D31D2CEADD001ADEDC /* BaseService.m */; };
		DBA450E61D2CEE2E001ADEDC /* readMe.strings in Resources */ = {isa = PBXBuildFile; fileRef = DBA450E51D2CEE2E001ADEDC /* readMe.strings */; };
		DBA450E91D2D0771001ADEDC /* NSDate+YHDateFormat.m in Sources */ = {isa = PBXBuildFile; fileRef = DBA450E81D2D0771001ADEDC /* NSDate+YHDateFormat.m */; };
		DBB862991D3CBF2000A5951F /* UIImageView+BorderChange.m in Sources */ = {isa = PBXBuildFile; fileRef = DBB862981D3CBF2000A5951F /* UIImageView+BorderChange.m */; };
		DBB8629D1D3CD60500A5951F /* Entity.m in Sources */ = {isa = PBXBuildFile; fileRef = DBB8629C1D3CD60500A5951F /* Entity.m */; };
		DBBCA3DE1D3DFC1300ED7014 /* YHList.plist in Resources */ = {isa = PBXBuildFile; fileRef = DBBCA3DD1D3DFC1300ED7014 /* YHList.plist */; };
		DBBCA3E11D3E074B00ED7014 /* UIImage+ChangeSize.m in Sources */ = {isa = PBXBuildFile; fileRef = DBBCA3E01D3E074B00ED7014 /* UIImage+ChangeSize.m */; };
		DBC579161D87996900A6CF35 /* YHPhotoPickController.m in Sources */ = {isa = PBXBuildFile; fileRef = DBC579151D87996900A6CF35 /* YHPhotoPickController.m */; };
		DBC5791A1D879E7E00A6CF35 /* AdsCycleView.m in Sources */ = {isa = PBXBuildFile; fileRef = DBC579191D879E7E00A6CF35 /* AdsCycleView.m */; };
		DBC5791E1D87A79700A6CF35 /* AdsViewController.m in Sources */ = {isa = PBXBuildFile; fileRef = DBC5791D1D87A79700A6CF35 /* AdsViewController.m */; };
		DBC579221D87DE1500A6CF35 /* YHPageControl.m in Sources */ = {isa = PBXBuildFile; fileRef = DBC579211D87DE1500A6CF35 /* YHPageControl.m */; };
		DBC66F4D1D4B2B21009666AF /* ZHCN_Language.strings in Resources */ = {isa = PBXBuildFile; fileRef = DBC66F4C1D4B2B21009666AF /* ZHCN_Language.strings */; };
		DBC66F4F1D4B2B44009666AF /* EN_Language.strings in Resources */ = {isa = PBXBuildFile; fileRef = DBC66F4E1D4B2B44009666AF /* EN_Language.strings */; };
		DBC8DB451D6C236300115D0A /* FlowContentView.m in Sources */ = {isa = PBXBuildFile; fileRef = DBC8DB441D6C236300115D0A /* FlowContentView.m */; };
		DBC8DB4F1D6C253800115D0A /* FlowViewController.m in Sources */ = {isa = PBXBuildFile; fileRef = DBC8DB4D1D6C253800115D0A /* FlowViewController.m */; };
		DBC8DB501D6C253800115D0A /* FlowViewController.xib in Resources */ = {isa = PBXBuildFile; fileRef = DBC8DB4E1D6C253800115D0A /* FlowViewController.xib */; };
		DBC8DB541D6C39BB00115D0A /* NewsView.m in Sources */ = {isa = PBXBuildFile; fileRef = DBC8DB531D6C39BB00115D0A /* NewsView.m */; };
		DBEAAC0F1D55D9A200A4E76A /* YHNetCache.m in Sources */ = {isa = PBXBuildFile; fileRef = DBEAAC0E1D55D9A200A4E76A /* YHNetCache.m */; };
		DBF277171D4C830100EDB2EB /* YHFileManager.m in Sources */ = {isa = PBXBuildFile; fileRef = DBF277161D4C830100EDB2EB /* YHFileManager.m */; };
		DBF2771A1D4C847800EDB2EB /* YHFileCompress.m in Sources */ = {isa = PBXBuildFile; fileRef = DBF277191D4C847800EDB2EB /* YHFileCompress.m */; };
		DBF2771D1D4C84BE00EDB2EB /* YHFileAction.m in Sources */ = {isa = PBXBuildFile; fileRef = DBF2771C1D4C84BE00EDB2EB /* YHFileAction.m */; };
		DBF7BD451D5B1DD700320F62 /* YHFileDownLoadManager.m in Sources */ = {isa = PBXBuildFile; fileRef = DBF7BD441D5B1DD700320F62 /* YHFileDownLoadManager.m */; };
		DBF7BD481D5B1EF600320F62 /* YHFileDownLoadModel.m in Sources */ = {isa = PBXBuildFile; fileRef = DBF7BD471D5B1EF600320F62 /* YHFileDownLoadModel.m */; };
		DBF7BD4B1D5B1F1900320F62 /* YHFileHelper.m in Sources */ = {isa = PBXBuildFile; fileRef = DBF7BD4A1D5B1F1900320F62 /* YHFileHelper.m */; };
		DBF7BD4E1D5B1F6100320F62 /* YHFileDownLoadOperation.m in Sources */ = {isa = PBXBuildFile; fileRef = DBF7BD4D1D5B1F6100320F62 /* YHFileDownLoadOperation.m */; };
/* End PBXBuildFile section */

/* Begin PBXFileReference section */
		7C43B3DB5A87B567429D9E18 /* Pods.release.xcconfig */ = {isa = PBXFileReference; includeInIndex = 1; lastKnownFileType = text.xcconfig; name = Pods.release.xcconfig; path = "Pods/Target Support Files/Pods/Pods.release.xcconfig"; sourceTree = "<group>"; };
		9628ACA354870A8FADE8F0D1 /* libPods.a */ = {isa = PBXFileReference; explicitFileType = archive.ar; includeInIndex = 0; path = libPods.a; sourceTree = BUILT_PRODUCTS_DIR; };
		DB0243311D54268000E99FA8 /* NSString+Rect.h */ = {isa = PBXFileReference; fileEncoding = 4; lastKnownFileType = sourcecode.c.h; path = "NSString+Rect.h"; sourceTree = "<group>"; };
		DB0243321D54268000E99FA8 /* NSString+Rect.m */ = {isa = PBXFileReference; fileEncoding = 4; lastKnownFileType = sourcecode.c.objc; path = "NSString+Rect.m"; sourceTree = "<group>"; };
		DB0243341D54290900E99FA8 /* YHNetWork.h */ = {isa = PBXFileReference; fileEncoding = 4; lastKnownFileType = sourcecode.c.h; path = YHNetWork.h; sourceTree = "<group>"; };
		DB0243351D54290900E99FA8 /* YHNetWork.m */ = {isa = PBXFileReference; fileEncoding = 4; lastKnownFileType = sourcecode.c.objc; path = YHNetWork.m; sourceTree = "<group>"; };
		DB02433A1D54656C00E99FA8 /* YHReachability.h */ = {isa = PBXFileReference; fileEncoding = 4; lastKnownFileType = sourcecode.c.h; path = YHReachability.h; sourceTree = "<group>"; };
		DB02433B1D54656C00E99FA8 /* YHReachability.m */ = {isa = PBXFileReference; fileEncoding = 4; lastKnownFileType = sourcecode.c.objc; path = YHReachability.m; sourceTree = "<group>"; };
		DB160CA71D9B6E5C004E11FA /* YHPhotoPickHighImageCell.h */ = {isa = PBXFileReference; fileEncoding = 4; lastKnownFileType = sourcecode.c.h; path = YHPhotoPickHighImageCell.h; sourceTree = "<group>"; };
		DB160CA81D9B6E5C004E11FA /* YHPhotoPickHighImageCell.m */ = {isa = PBXFileReference; fileEncoding = 4; lastKnownFileType = sourcecode.c.objc; path = YHPhotoPickHighImageCell.m; sourceTree = "<group>"; };
		DB160CA91D9B6E5C004E11FA /* YHPhotoPickHighImageCell.xib */ = {isa = PBXFileReference; fileEncoding = 4; lastKnownFileType = file.xib; path = YHPhotoPickHighImageCell.xib; sourceTree = "<group>"; };
		DB160CAC1D9BAA55004E11FA /* YHPhotoPickCellProtocol.h */ = {isa = PBXFileReference; fileEncoding = 4; lastKnownFileType = sourcecode.c.h; path = YHPhotoPickCellProtocol.h; sourceTree = "<group>"; };
		DB2191F91D6D3A7B00AD48DB /* NewsViewController.h */ = {isa = PBXFileReference; fileEncoding = 4; lastKnownFileType = sourcecode.c.h; path = NewsViewController.h; sourceTree = "<group>"; };
		DB2191FA1D6D3A7B00AD48DB /* NewsViewController.m */ = {isa = PBXFileReference; fileEncoding = 4; lastKnownFileType = sourcecode.c.objc; path = NewsViewController.m; sourceTree = "<group>"; };
		DB2191FB1D6D3A7B00AD48DB /* NewsViewController.xib */ = {isa = PBXFileReference; fileEncoding = 4; lastKnownFileType = file.xib; path = NewsViewController.xib; sourceTree = "<group>"; };
		DB2191FE1D6D843300AD48DB /* NewContentView.h */ = {isa = PBXFileReference; fileEncoding = 4; lastKnownFileType = sourcecode.c.h; path = NewContentView.h; sourceTree = "<group>"; };
		DB2191FF1D6D843300AD48DB /* NewContentView.m */ = {isa = PBXFileReference; fileEncoding = 4; lastKnownFileType = sourcecode.c.objc; path = NewContentView.m; sourceTree = "<group>"; };
		DB2192011D6D86AA00AD48DB /* NewsTableViewDelegate.h */ = {isa = PBXFileReference; fileEncoding = 4; lastKnownFileType = sourcecode.c.h; path = NewsTableViewDelegate.h; sourceTree = "<group>"; };
		DB2192021D6D86AA00AD48DB /* NewsTableViewDelegate.m */ = {isa = PBXFileReference; fileEncoding = 4; lastKnownFileType = sourcecode.c.objc; path = NewsTableViewDelegate.m; sourceTree = "<group>"; };
		DB2192041D6D9C7300AD48DB /* newsView.png */ = {isa = PBXFileReference; lastKnownFileType = image.png; path = newsView.png; sourceTree = "<group>"; };
		DB2A88101D6EDC89006010C8 /* QRCodeCameraViewController.h */ = {isa = PBXFileReference; fileEncoding = 4; lastKnownFileType = sourcecode.c.h; path = QRCodeCameraViewController.h; sourceTree = "<group>"; };
		DB2A88111D6EDC89006010C8 /* QRCodeCameraViewController.m */ = {isa = PBXFileReference; fileEncoding = 4; lastKnownFileType = sourcecode.c.objc; path = QRCodeCameraViewController.m; sourceTree = "<group>"; };
		DB2A88121D6EDC89006010C8 /* QRCodeCreate.h */ = {isa = PBXFileReference; fileEncoding = 4; lastKnownFileType = sourcecode.c.h; path = QRCodeCreate.h; sourceTree = "<group>"; };
		DB2A88131D6EDC89006010C8 /* QRCodeCreate.m */ = {isa = PBXFileReference; fileEncoding = 4; lastKnownFileType = sourcecode.c.objc; path = QRCodeCreate.m; sourceTree = "<group>"; };
		DB2A88141D6EDC89006010C8 /* QRCodePhotoLibrary.h */ = {isa = PBXFileReference; fileEncoding = 4; lastKnownFileType = sourcecode.c.h; path = QRCodePhotoLibrary.h; sourceTree = "<group>"; };
		DB2A88151D6EDC89006010C8 /* QRCodePhotoLibrary.m */ = {isa = PBXFileReference; fileEncoding = 4; lastKnownFileType = sourcecode.c.objc; path = QRCodePhotoLibrary.m; sourceTree = "<group>"; };
		DB2A88161D6EDC89006010C8 /* QRCodeTools.h */ = {isa = PBXFileReference; fileEncoding = 4; lastKnownFileType = sourcecode.c.h; path = QRCodeTools.h; sourceTree = "<group>"; };
		DB2A88171D6EDC89006010C8 /* QRCodeTools.m */ = {isa = PBXFileReference; fileEncoding = 4; lastKnownFileType = sourcecode.c.objc; path = QRCodeTools.m; sourceTree = "<group>"; };
		DB2A881C1D6EDC97006010C8 /* QRCodeScanLine.png */ = {isa = PBXFileReference; lastKnownFileType = image.png; path = QRCodeScanLine.png; sourceTree = "<group>"; };
		DB2A881F1D6EDCC0006010C8 /* QRCodeViewController.h */ = {isa = PBXFileReference; fileEncoding = 4; lastKnownFileType = sourcecode.c.h; path = QRCodeViewController.h; sourceTree = "<group>"; };
		DB2A88201D6EDCC0006010C8 /* QRCodeViewController.m */ = {isa = PBXFileReference; fileEncoding = 4; lastKnownFileType = sourcecode.c.objc; path = QRCodeViewController.m; sourceTree = "<group>"; };
		DB2A88211D6EDCC0006010C8 /* QRCodeViewController.xib */ = {isa = PBXFileReference; fileEncoding = 4; lastKnownFileType = file.xib; path = QRCodeViewController.xib; sourceTree = "<group>"; };
		DB2BF2941D8924A400C478C9 /* PhotoThrough.h */ = {isa = PBXFileReference; fileEncoding = 4; lastKnownFileType = sourcecode.c.h; path = PhotoThrough.h; sourceTree = "<group>"; };
		DB2BF2951D8924A400C478C9 /* PhotoThrough.m */ = {isa = PBXFileReference; fileEncoding = 4; lastKnownFileType = sourcecode.c.objc; path = PhotoThrough.m; sourceTree = "<group>"; };
		DB2BF2991D89310800C478C9 /* YHPhotoThroughViewController.h */ = {isa = PBXFileReference; fileEncoding = 4; lastKnownFileType = sourcecode.c.h; path = YHPhotoThroughViewController.h; sourceTree = "<group>"; };
		DB2BF29A1D89310800C478C9 /* YHPhotoThroughViewController.m */ = {isa = PBXFileReference; fileEncoding = 4; lastKnownFileType = sourcecode.c.objc; path = YHPhotoThroughViewController.m; sourceTree = "<group>"; };
		DB2BF2A11D893E9100C478C9 /* YHPhotoThroughCell.h */ = {isa = PBXFileReference; fileEncoding = 4; lastKnownFileType = sourcecode.c.h; path = YHPhotoThroughCell.h; sourceTree = "<group>"; };
		DB2BF2A21D893E9100C478C9 /* YHPhotoThroughCell.m */ = {isa = PBXFileReference; fileEncoding = 4; lastKnownFileType = sourcecode.c.objc; path = YHPhotoThroughCell.m; sourceTree = "<group>"; };
		DB2BF2A31D893E9100C478C9 /* YHPhotoThroughCell.xib */ = {isa = PBXFileReference; fileEncoding = 4; lastKnownFileType = file.xib; path = YHPhotoThroughCell.xib; sourceTree = "<group>"; };
		DB2F492E1D66A1C6001E5B30 /* YHWaterFallLayout.h */ = {isa = PBXFileReference; fileEncoding = 4; lastKnownFileType = sourcecode.c.h; path = YHWaterFallLayout.h; sourceTree = "<group>"; };
		DB2F492F1D66A1C6001E5B30 /* YHWaterFallLayout.m */ = {isa = PBXFileReference; fileEncoding = 4; lastKnownFileType = sourcecode.c.objc; path = YHWaterFallLayout.m; sourceTree = "<group>"; };
		DB315B5C1D41FE9100069C87 /* YHDBYTKValueStore.h */ = {isa = PBXFileReference; fileEncoding = 4; lastKnownFileType = sourcecode.c.h; path = YHDBYTKValueStore.h; sourceTree = "<group>"; };
		DB315B5D1D41FE9100069C87 /* YHDBYTKValueStore.m */ = {isa = PBXFileReference; fileEncoding = 4; lastKnownFileType = sourcecode.c.objc; path = YHDBYTKValueStore.m; sourceTree = "<group>"; };
		DB36C8791D9912D600451513 /* PhotoPickViewController.h */ = {isa = PBXFileReference; fileEncoding = 4; lastKnownFileType = sourcecode.c.h; name = PhotoPickViewController.h; path = YHDevelopFramework/test/photothrough/PhotoPickViewController.h; sourceTree = SOURCE_ROOT; };
		DB36C87A1D9912D600451513 /* PhotoPickViewController.m */ = {isa = PBXFileReference; fileEncoding = 4; lastKnownFileType = sourcecode.c.objc; name = PhotoPickViewController.m; path = YHDevelopFramework/test/photothrough/PhotoPickViewController.m; sourceTree = SOURCE_ROOT; };
		DB36C87B1D9912D600451513 /* PhotoPickViewController.xib */ = {isa = PBXFileReference; fileEncoding = 4; lastKnownFileType = file.xib; name = PhotoPickViewController.xib; path = YHDevelopFramework/test/photothrough/PhotoPickViewController.xib; sourceTree = SOURCE_ROOT; };
		DB36C87E1D9918DE00451513 /* YHPhotoPickCollectionViewCell.h */ = {isa = PBXFileReference; fileEncoding = 4; lastKnownFileType = sourcecode.c.h; path = YHPhotoPickCollectionViewCell.h; sourceTree = "<group>"; };
		DB36C87F1D9918DE00451513 /* YHPhotoPickCollectionViewCell.m */ = {isa = PBXFileReference; fileEncoding = 4; lastKnownFileType = sourcecode.c.objc; path = YHPhotoPickCollectionViewCell.m; sourceTree = "<group>"; };
		DB36C8801D9918DE00451513 /* YHPhotoPickCollectionViewCell.xib */ = {isa = PBXFileReference; fileEncoding = 4; lastKnownFileType = file.xib; path = YHPhotoPickCollectionViewCell.xib; sourceTree = "<group>"; };
		DB36C8831D99227400451513 /* YHPreConstant.h */ = {isa = PBXFileReference; fileEncoding = 4; lastKnownFileType = sourcecode.c.h; path = YHPreConstant.h; sourceTree = "<group>"; };
		DB36C8841D99227400451513 /* YHPreConstant.m */ = {isa = PBXFileReference; fileEncoding = 4; lastKnownFileType = sourcecode.c.objc; path = YHPreConstant.m; sourceTree = "<group>"; };
		DB36C8861D9927E000451513 /* YHAssets.h */ = {isa = PBXFileReference; fileEncoding = 4; lastKnownFileType = sourcecode.c.h; path = YHAssets.h; sourceTree = "<group>"; };
		DB36C8871D9927E000451513 /* YHAssets.m */ = {isa = PBXFileReference; fileEncoding = 4; lastKnownFileType = sourcecode.c.objc; path = YHAssets.m; sourceTree = "<group>"; };
		DB36C8891D9A4E4E00451513 /* YHBottomView.h */ = {isa = PBXFileReference; fileEncoding = 4; lastKnownFileType = sourcecode.c.h; path = YHBottomView.h; sourceTree = "<group>"; };
		DB36C88A1D9A4E4E00451513 /* YHBottomView.m */ = {isa = PBXFileReference; fileEncoding = 4; lastKnownFileType = sourcecode.c.objc; path = YHBottomView.m; sourceTree = "<group>"; };
		DB36C88C1D9A4E7B00451513 /* YHBottomView.xib */ = {isa = PBXFileReference; fileEncoding = 4; lastKnownFileType = file.xib; path = YHBottomView.xib; sourceTree = "<group>"; };
		DB378E231D5C21B900A375DA /* YHFileDownloadStore.h */ = {isa = PBXFileReference; fileEncoding = 4; lastKnownFileType = sourcecode.c.h; path = YHFileDownloadStore.h; sourceTree = "<group>"; };
		DB378E241D5C21B900A375DA /* YHFileDownloadStore.m */ = {isa = PBXFileReference; fileEncoding = 4; lastKnownFileType = sourcecode.c.objc; path = YHFileDownloadStore.m; sourceTree = "<group>"; };
		DB3DA0BA1D34BC360016D137 /* YHDeviceTools.h */ = {isa = PBXFileReference; fileEncoding = 4; lastKnownFileType = sourcecode.c.h; path = YHDeviceTools.h; sourceTree = "<group>"; };
		DB3DA0BB1D34BC360016D137 /* YHDeviceTools.m */ = {isa = PBXFileReference; fileEncoding = 4; lastKnownFileType = sourcecode.c.objc; path = YHDeviceTools.m; sourceTree = "<group>"; };
		DB3DA0BD1D34D2500016D137 /* UIView+Frame.h */ = {isa = PBXFileReference; fileEncoding = 4; lastKnownFileType = sourcecode.c.h; path = "UIView+Frame.h"; sourceTree = "<group>"; };
		DB3DA0BE1D34D2500016D137 /* UIView+Frame.m */ = {isa = PBXFileReference; fileEncoding = 4; lastKnownFileType = sourcecode.c.objc; path = "UIView+Frame.m"; sourceTree = "<group>"; };
		DB3DA0C01D34E0190016D137 /* YHLogger.h */ = {isa = PBXFileReference; fileEncoding = 4; lastKnownFileType = sourcecode.c.h; path = YHLogger.h; sourceTree = "<group>"; };
		DB3DA0C11D34E0190016D137 /* YHLogger.m */ = {isa = PBXFileReference; fileEncoding = 4; lastKnownFileType = sourcecode.c.objc; path = YHLogger.m; sourceTree = "<group>"; };
		DB3DA0C31D34ECF30016D137 /* YHLogFormat.h */ = {isa = PBXFileReference; fileEncoding = 4; lastKnownFileType = sourcecode.c.h; path = YHLogFormat.h; sourceTree = "<group>"; };
		DB3DA0C41D34ECF30016D137 /* YHLogFormat.m */ = {isa = PBXFileReference; fileEncoding = 4; lastKnownFileType = sourcecode.c.objc; path = YHLogFormat.m; sourceTree = "<group>"; };
		DB44B5481D3F5CE0000D98C5 /* YHDBSQLite.h */ = {isa = PBXFileReference; fileEncoding = 4; lastKnownFileType = sourcecode.c.h; path = YHDBSQLite.h; sourceTree = "<group>"; };
		DB44B5491D3F5CE0000D98C5 /* YHDBSQLite.m */ = {isa = PBXFileReference; fileEncoding = 4; lastKnownFileType = sourcecode.c.objc; path = YHDBSQLite.m; sourceTree = "<group>"; };
		DB44B54B1D3F8371000D98C5 /* YHDBManager.h */ = {isa = PBXFileReference; fileEncoding = 4; lastKnownFileType = sourcecode.c.h; path = YHDBManager.h; sourceTree = "<group>"; };
		DB44B54C1D3F8371000D98C5 /* YHDBManager.m */ = {isa = PBXFileReference; fileEncoding = 4; lastKnownFileType = sourcecode.c.objc; path = YHDBManager.m; sourceTree = "<group>"; };
		DB4992251D91160900272AEB /* YHPhotoCollectionViewCell.h */ = {isa = PBXFileReference; fileEncoding = 4; lastKnownFileType = sourcecode.c.h; path = YHPhotoCollectionViewCell.h; sourceTree = "<group>"; };
		DB4992261D91160900272AEB /* YHPhotoCollectionViewCell.m */ = {isa = PBXFileReference; fileEncoding = 4; lastKnownFileType = sourcecode.c.objc; path = YHPhotoCollectionViewCell.m; sourceTree = "<group>"; };
		DB4992271D91160900272AEB /* YHPhotoCollectionViewCell.xib */ = {isa = PBXFileReference; fileEncoding = 4; lastKnownFileType = file.xib; path = YHPhotoCollectionViewCell.xib; sourceTree = "<group>"; };
		DB53F6FF1D4889CF0065F49E /* NSObject+JsonAndDic.h */ = {isa = PBXFileReference; fileEncoding = 4; lastKnownFileType = sourcecode.c.h; path = "NSObject+JsonAndDic.h"; sourceTree = "<group>"; };
		DB53F7001D4889CF0065F49E /* NSObject+JsonAndDic.m */ = {isa = PBXFileReference; fileEncoding = 4; lastKnownFileType = sourcecode.c.objc; path = "NSObject+JsonAndDic.m"; sourceTree = "<group>"; };
		DB53F7021D488C990065F49E /* BaseTableViewCell.h */ = {isa = PBXFileReference; fileEncoding = 4; lastKnownFileType = sourcecode.c.h; path = BaseTableViewCell.h; sourceTree = "<group>"; };
		DB53F7031D488C990065F49E /* BaseTableViewCell.m */ = {isa = PBXFileReference; fileEncoding = 4; lastKnownFileType = sourcecode.c.objc; path = BaseTableViewCell.m; sourceTree = "<group>"; };
		DB53F7051D488D290065F49E /* BaseCollectionViewCell.h */ = {isa = PBXFileReference; fileEncoding = 4; lastKnownFileType = sourcecode.c.h; path = BaseCollectionViewCell.h; sourceTree = "<group>"; };
		DB53F7061D488D290065F49E /* BaseCollectionViewCell.m */ = {isa = PBXFileReference; fileEncoding = 4; lastKnownFileType = sourcecode.c.objc; path = BaseCollectionViewCell.m; sourceTree = "<group>"; };
		DB53F7081D4892F00065F49E /* NSNumber+Formatter.h */ = {isa = PBXFileReference; fileEncoding = 4; lastKnownFileType = sourcecode.c.h; path = "NSNumber+Formatter.h"; sourceTree = "<group>"; };
		DB53F7091D4892F00065F49E /* NSNumber+Formatter.m */ = {isa = PBXFileReference; fileEncoding = 4; lastKnownFileType = sourcecode.c.objc; path = "NSNumber+Formatter.m"; sourceTree = "<group>"; };
		DB53F70E1D4898160065F49E /* NSString+Secret.h */ = {isa = PBXFileReference; fileEncoding = 4; lastKnownFileType = sourcecode.c.h; path = "NSString+Secret.h"; sourceTree = "<group>"; };
		DB53F70F1D4898160065F49E /* NSString+Secret.m */ = {isa = PBXFileReference; fileEncoding = 4; lastKnownFileType = sourcecode.c.objc; path = "NSString+Secret.m"; sourceTree = "<group>"; };
		DB53F7111D48A02D0065F49E /* RegularCheck.h */ = {isa = PBXFileReference; fileEncoding = 4; lastKnownFileType = sourcecode.c.h; path = RegularCheck.h; sourceTree = "<group>"; };
		DB53F7121D48A02D0065F49E /* RegularCheck.m */ = {isa = PBXFileReference; fileEncoding = 4; lastKnownFileType = sourcecode.c.objc; path = RegularCheck.m; sourceTree = "<group>"; };
		DB53F7221D48AF800065F49E /* YHInternationalControl.h */ = {isa = PBXFileReference; fileEncoding = 4; lastKnownFileType = sourcecode.c.h; path = YHInternationalControl.h; sourceTree = "<group>"; };
		DB53F7231D48AF800065F49E /* YHInternationalControl.m */ = {isa = PBXFileReference; fileEncoding = 4; lastKnownFileType = sourcecode.c.objc; path = YHInternationalControl.m; sourceTree = "<group>"; };
		DB5DFB4A1D6A936D0094C6B1 /* DownloadCell.h */ = {isa = PBXFileReference; fileEncoding = 4; lastKnownFileType = sourcecode.c.h; path = DownloadCell.h; sourceTree = "<group>"; };
		DB5DFB4B1D6A936D0094C6B1 /* DownloadCell.m */ = {isa = PBXFileReference; fileEncoding = 4; lastKnownFileType = sourcecode.c.objc; path = DownloadCell.m; sourceTree = "<group>"; };
		DB5DFB4C1D6A936D0094C6B1 /* DownloadCell.xib */ = {isa = PBXFileReference; fileEncoding = 4; lastKnownFileType = file.xib; path = DownloadCell.xib; sourceTree = "<group>"; };
		DB5DFB4D1D6A936D0094C6B1 /* DownloadViewController.h */ = {isa = PBXFileReference; fileEncoding = 4; lastKnownFileType = sourcecode.c.h; path = DownloadViewController.h; sourceTree = "<group>"; };
		DB5DFB4E1D6A936D0094C6B1 /* DownloadViewController.m */ = {isa = PBXFileReference; fileEncoding = 4; lastKnownFileType = sourcecode.c.objc; path = DownloadViewController.m; sourceTree = "<group>"; };
		DB5DFB501D6A936D0094C6B1 /* Person.h */ = {isa = PBXFileReference; fileEncoding = 4; lastKnownFileType = sourcecode.c.h; path = Person.h; sourceTree = "<group>"; };
		DB5DFB511D6A936D0094C6B1 /* Person.m */ = {isa = PBXFileReference; fileEncoding = 4; lastKnownFileType = sourcecode.c.objc; path = Person.m; sourceTree = "<group>"; };
		DB5DFB521D6A936D0094C6B1 /* Son.h */ = {isa = PBXFileReference; fileEncoding = 4; lastKnownFileType = sourcecode.c.h; path = Son.h; sourceTree = "<group>"; };
		DB5DFB531D6A936D0094C6B1 /* Son.m */ = {isa = PBXFileReference; fileEncoding = 4; lastKnownFileType = sourcecode.c.objc; path = Son.m; sourceTree = "<group>"; };
		DB5DFB551D6A936D0094C6B1 /* WaterViewController.h */ = {isa = PBXFileReference; fileEncoding = 4; lastKnownFileType = sourcecode.c.h; path = WaterViewController.h; sourceTree = "<group>"; };
		DB5DFB561D6A936D0094C6B1 /* WaterViewController.m */ = {isa = PBXFileReference; fileEncoding = 4; lastKnownFileType = sourcecode.c.objc; path = WaterViewController.m; sourceTree = "<group>"; };
		DB5DFB5D1D6A93D70094C6B1 /* ViewController.h */ = {isa = PBXFileReference; fileEncoding = 4; lastKnownFileType = sourcecode.c.h; path = ViewController.h; sourceTree = "<group>"; };
		DB5DFB5E1D6A93D70094C6B1 /* ViewController.m */ = {isa = PBXFileReference; fileEncoding = 4; lastKnownFileType = sourcecode.c.objc; path = ViewController.m; sourceTree = "<group>"; };
		DB5DFB611D6A93ED0094C6B1 /* Base */ = {isa = PBXFileReference; lastKnownFileType = file.storyboard; name = Base; path = Base.lproj/Main.storyboard; sourceTree = "<group>"; };
		DB5DFB631D6A94F80094C6B1 /* VCList.plist */ = {isa = PBXFileReference; fileEncoding = 4; lastKnownFileType = text.plist.xml; path = VCList.plist; sourceTree = "<group>"; };
		DB5DFB681D6A9AF70094C6B1 /* AppDelegate.h */ = {isa = PBXFileReference; fileEncoding = 4; lastKnownFileType = sourcecode.c.h; path = AppDelegate.h; sourceTree = "<group>"; };
		DB5DFB691D6A9AF70094C6B1 /* AppDelegate.m */ = {isa = PBXFileReference; fileEncoding = 4; lastKnownFileType = sourcecode.c.objc; path = AppDelegate.m; sourceTree = "<group>"; };
		DB5DFB6B1D6AA03A0094C6B1 /* DownloadViewController.xib */ = {isa = PBXFileReference; fileEncoding = 4; lastKnownFileType = file.xib; path = DownloadViewController.xib; sourceTree = "<group>"; };
		DB5DFB6E1D6AA1B70094C6B1 /* NetworkViewController.h */ = {isa = PBXFileReference; fileEncoding = 4; lastKnownFileType = sourcecode.c.h; path = NetworkViewController.h; sourceTree = "<group>"; };
		DB5DFB6F1D6AA1B70094C6B1 /* NetworkViewController.m */ = {isa = PBXFileReference; fileEncoding = 4; lastKnownFileType = sourcecode.c.objc; path = NetworkViewController.m; sourceTree = "<group>"; };
		DB5DFB701D6AA1B70094C6B1 /* NetworkViewController.xib */ = {isa = PBXFileReference; fileEncoding = 4; lastKnownFileType = file.xib; path = NetworkViewController.xib; sourceTree = "<group>"; };
		DB5DFB751D6AAAAC0094C6B1 /* DeviceInfoViewController.h */ = {isa = PBXFileReference; fileEncoding = 4; lastKnownFileType = sourcecode.c.h; path = DeviceInfoViewController.h; sourceTree = "<group>"; };
		DB5DFB761D6AAAAC0094C6B1 /* DeviceInfoViewController.m */ = {isa = PBXFileReference; fileEncoding = 4; lastKnownFileType = sourcecode.c.objc; path = DeviceInfoViewController.m; sourceTree = "<group>"; };
		DB5DFB771D6AAAAC0094C6B1 /* DeviceInfoViewController.xib */ = {isa = PBXFileReference; fileEncoding = 4; lastKnownFileType = file.xib; path = DeviceInfoViewController.xib; sourceTree = "<group>"; };
		DB5DFB7B1D6ACE5F0094C6B1 /* LanguageViewController.h */ = {isa = PBXFileReference; fileEncoding = 4; lastKnownFileType = sourcecode.c.h; path = LanguageViewController.h; sourceTree = "<group>"; };
		DB5DFB7C1D6ACE5F0094C6B1 /* LanguageViewController.m */ = {isa = PBXFileReference; fileEncoding = 4; lastKnownFileType = sourcecode.c.objc; path = LanguageViewController.m; sourceTree = "<group>"; };
		DB5DFB7D1D6ACE5F0094C6B1 /* LanguageViewController.xib */ = {isa = PBXFileReference; fileEncoding = 4; lastKnownFileType = file.xib; path = LanguageViewController.xib; sourceTree = "<group>"; };
		DB5DFB801D6AD0B80094C6B1 /* BaseNavigationViewController.h */ = {isa = PBXFileReference; fileEncoding = 4; lastKnownFileType = sourcecode.c.h; path = BaseNavigationViewController.h; sourceTree = "<group>"; };
		DB5DFB811D6AD0B80094C6B1 /* BaseNavigationViewController.m */ = {isa = PBXFileReference; fileEncoding = 4; lastKnownFileType = sourcecode.c.objc; path = BaseNavigationViewController.m; sourceTree = "<group>"; };
		DB5DFB841D6ADD670094C6B1 /* FileManagerViewController.h */ = {isa = PBXFileReference; fileEncoding = 4; lastKnownFileType = sourcecode.c.h; path = FileManagerViewController.h; sourceTree = "<group>"; };
		DB5DFB851D6ADD670094C6B1 /* FileManagerViewController.m */ = {isa = PBXFileReference; fileEncoding = 4; lastKnownFileType = sourcecode.c.objc; path = FileManagerViewController.m; sourceTree = "<group>"; };
		DB5DFB861D6ADD670094C6B1 /* FileManagerViewController.xib */ = {isa = PBXFileReference; fileEncoding = 4; lastKnownFileType = file.xib; path = FileManagerViewController.xib; sourceTree = "<group>"; };
		DB5DFB891D6AEE7F0094C6B1 /* readMe.txt */ = {isa = PBXFileReference; fileEncoding = 4; lastKnownFileType = text; path = readMe.txt; sourceTree = "<group>"; };
		DB5DFB8C1D6AEF370094C6B1 /* ReadMeViewController.h */ = {isa = PBXFileReference; fileEncoding = 4; lastKnownFileType = sourcecode.c.h; path = ReadMeViewController.h; sourceTree = "<group>"; };
		DB5DFB8D1D6AEF370094C6B1 /* ReadMeViewController.m */ = {isa = PBXFileReference; fileEncoding = 4; lastKnownFileType = sourcecode.c.objc; path = ReadMeViewController.m; sourceTree = "<group>"; };
		DB5DFB8E1D6AEF370094C6B1 /* ReadMeViewController.xib */ = {isa = PBXFileReference; fileEncoding = 4; lastKnownFileType = file.xib; path = ReadMeViewController.xib; sourceTree = "<group>"; };
		DB63FABF1D37811B000C06F5 /* YHCrashCatch.h */ = {isa = PBXFileReference; fileEncoding = 4; lastKnownFileType = sourcecode.c.h; path = YHCrashCatch.h; sourceTree = "<group>"; };
		DB63FAC01D37811B000C06F5 /* YHCrashCatch.m */ = {isa = PBXFileReference; fileEncoding = 4; lastKnownFileType = sourcecode.c.objc; path = YHCrashCatch.m; sourceTree = "<group>"; };
		DB983F661D8FC23300677AAE /* PhotoPickViewController.h */ = {isa = PBXFileReference; fileEncoding = 4; lastKnownFileType = sourcecode.c.h; path = PhotoPickViewController.h; sourceTree = "<group>"; };
		DB983F671D8FC23300677AAE /* PhotoPickViewController.m */ = {isa = PBXFileReference; fileEncoding = 4; lastKnownFileType = sourcecode.c.objc; path = PhotoPickViewController.m; sourceTree = "<group>"; };
		DB983F681D8FC23300677AAE /* PhotoPickViewController.xib */ = {isa = PBXFileReference; fileEncoding = 4; lastKnownFileType = file.xib; path = PhotoPickViewController.xib; sourceTree = "<group>"; };
		DB983F6B1D8FCF2A00677AAE /* YHPhotoAssets.h */ = {isa = PBXFileReference; fileEncoding = 4; lastKnownFileType = sourcecode.c.h; path = YHPhotoAssets.h; sourceTree = "<group>"; };
		DB983F6C1D8FCF2A00677AAE /* YHPhotoAssets.m */ = {isa = PBXFileReference; fileEncoding = 4; lastKnownFileType = sourcecode.c.objc; path = YHPhotoAssets.m; sourceTree = "<group>"; };
		DB983F6E1D8FE7DD00677AAE /* YHPhotoManager.h */ = {isa = PBXFileReference; fileEncoding = 4; lastKnownFileType = sourcecode.c.h; path = YHPhotoManager.h; sourceTree = "<group>"; };
		DB983F6F1D8FE7DD00677AAE /* YHPhotoManager.m */ = {isa = PBXFileReference; fileEncoding = 4; lastKnownFileType = sourcecode.c.objc; path = YHPhotoManager.m; sourceTree = "<group>"; };
		DBA450AB1D2CE5E8001ADEDC /* YHDevelopFramework.app */ = {isa = PBXFileReference; explicitFileType = wrapper.application; includeInIndex = 0; path = YHDevelopFramework.app; sourceTree = BUILT_PRODUCTS_DIR; };
		DBA450AF1D2CE5E8001ADEDC /* main.m */ = {isa = PBXFileReference; lastKnownFileType = sourcecode.c.objc; path = main.m; sourceTree = "<group>"; };
		DBA450BA1D2CE5E8001ADEDC /* Assets.xcassets */ = {isa = PBXFileReference; lastKnownFileType = folder.assetcatalog; name = Assets.xcassets; path = ../../Assets.xcassets; sourceTree = "<group>"; };
		DBA450BD1D2CE5E8001ADEDC /* Base */ = {isa = PBXFileReference; lastKnownFileType = file.storyboard; name = Base; path = Base.lproj/LaunchScreen.storyboard; sourceTree = "<group>"; };
		DBA450BF1D2CE5E8001ADEDC /* Info.plist */ = {isa = PBXFileReference; lastKnownFileType = text.plist.xml; name = Info.plist; path = ../../Info.plist; sourceTree = "<group>"; };
		DBA450CC1D2CEA91001ADEDC /* BaseViewController.h */ = {isa = PBXFileReference; fileEncoding = 4; lastKnownFileType = sourcecode.c.h; path = BaseViewController.h; sourceTree = "<group>"; };
		DBA450CD1D2CEA91001ADEDC /* BaseViewController.m */ = {isa = PBXFileReference; fileEncoding = 4; lastKnownFileType = sourcecode.c.objc; path = BaseViewController.m; sourceTree = "<group>"; };
		DBA450CF1D2CEAAE001ADEDC /* BaseView.h */ = {isa = PBXFileReference; fileEncoding = 4; lastKnownFileType = sourcecode.c.h; path = BaseView.h; sourceTree = "<group>"; };
		DBA450D01D2CEAAE001ADEDC /* BaseView.m */ = {isa = PBXFileReference; fileEncoding = 4; lastKnownFileType = sourcecode.c.objc; path = BaseView.m; sourceTree = "<group>"; };
		DBA450D21D2CEADD001ADEDC /* BaseService.h */ = {isa = PBXFileReference; fileEncoding = 4; lastKnownFileType = sourcecode.c.h; path = BaseService.h; sourceTree = "<group>"; };
		DBA450D31D2CEADD001ADEDC /* BaseService.m */ = {isa = PBXFileReference; fileEncoding = 4; lastKnownFileType = sourcecode.c.objc; path = BaseService.m; sourceTree = "<group>"; };
		DBA450E51D2CEE2E001ADEDC /* readMe.strings */ = {isa = PBXFileReference; fileEncoding = 4; lastKnownFileType = text.plist.strings; path = readMe.strings; sourceTree = "<group>"; };
		DBA450E71D2D0771001ADEDC /* NSDate+YHDateFormat.h */ = {isa = PBXFileReference; fileEncoding = 4; lastKnownFileType = sourcecode.c.h; path = "NSDate+YHDateFormat.h"; sourceTree = "<group>"; };
		DBA450E81D2D0771001ADEDC /* NSDate+YHDateFormat.m */ = {isa = PBXFileReference; fileEncoding = 4; lastKnownFileType = sourcecode.c.objc; path = "NSDate+YHDateFormat.m"; sourceTree = "<group>"; };
		DBB862971D3CBF2000A5951F /* UIImageView+BorderChange.h */ = {isa = PBXFileReference; fileEncoding = 4; lastKnownFileType = sourcecode.c.h; path = "UIImageView+BorderChange.h"; sourceTree = "<group>"; };
		DBB862981D3CBF2000A5951F /* UIImageView+BorderChange.m */ = {isa = PBXFileReference; fileEncoding = 4; lastKnownFileType = sourcecode.c.objc; path = "UIImageView+BorderChange.m"; sourceTree = "<group>"; };
		DBB8629B1D3CD60500A5951F /* Entity.h */ = {isa = PBXFileReference; fileEncoding = 4; lastKnownFileType = sourcecode.c.h; path = Entity.h; sourceTree = "<group>"; };
		DBB8629C1D3CD60500A5951F /* Entity.m */ = {isa = PBXFileReference; fileEncoding = 4; lastKnownFileType = sourcecode.c.objc; path = Entity.m; sourceTree = "<group>"; };
		DBBCA3DA1D3DF9D400ED7014 /* YHTools.h */ = {isa = PBXFileReference; lastKnownFileType = sourcecode.c.h; path = YHTools.h; sourceTree = "<group>"; };
		DBBCA3DD1D3DFC1300ED7014 /* YHList.plist */ = {isa = PBXFileReference; fileEncoding = 4; lastKnownFileType = text.plist.xml; path = YHList.plist; sourceTree = "<group>"; };
		DBBCA3DF1D3E074B00ED7014 /* UIImage+ChangeSize.h */ = {isa = PBXFileReference; fileEncoding = 4; lastKnownFileType = sourcecode.c.h; path = "UIImage+ChangeSize.h"; sourceTree = "<group>"; };
		DBBCA3E01D3E074B00ED7014 /* UIImage+ChangeSize.m */ = {isa = PBXFileReference; fileEncoding = 4; lastKnownFileType = sourcecode.c.objc; path = "UIImage+ChangeSize.m"; sourceTree = "<group>"; };
		DBC579141D87996900A6CF35 /* YHPhotoPickController.h */ = {isa = PBXFileReference; fileEncoding = 4; lastKnownFileType = sourcecode.c.h; path = YHPhotoPickController.h; sourceTree = "<group>"; };
		DBC579151D87996900A6CF35 /* YHPhotoPickController.m */ = {isa = PBXFileReference; fileEncoding = 4; lastKnownFileType = sourcecode.c.objc; path = YHPhotoPickController.m; sourceTree = "<group>"; };
		DBC579181D879E7E00A6CF35 /* AdsCycleView.h */ = {isa = PBXFileReference; fileEncoding = 4; lastKnownFileType = sourcecode.c.h; path = AdsCycleView.h; sourceTree = "<group>"; };
		DBC579191D879E7E00A6CF35 /* AdsCycleView.m */ = {isa = PBXFileReference; fileEncoding = 4; lastKnownFileType = sourcecode.c.objc; path = AdsCycleView.m; sourceTree = "<group>"; };
		DBC5791C1D87A79700A6CF35 /* AdsViewController.h */ = {isa = PBXFileReference; fileEncoding = 4; lastKnownFileType = sourcecode.c.h; path = AdsViewController.h; sourceTree = "<group>"; };
		DBC5791D1D87A79700A6CF35 /* AdsViewController.m */ = {isa = PBXFileReference; fileEncoding = 4; lastKnownFileType = sourcecode.c.objc; path = AdsViewController.m; sourceTree = "<group>"; };
		DBC579201D87DE1500A6CF35 /* YHPageControl.h */ = {isa = PBXFileReference; fileEncoding = 4; lastKnownFileType = sourcecode.c.h; path = YHPageControl.h; sourceTree = "<group>"; };
		DBC579211D87DE1500A6CF35 /* YHPageControl.m */ = {isa = PBXFileReference; fileEncoding = 4; lastKnownFileType = sourcecode.c.objc; path = YHPageControl.m; sourceTree = "<group>"; };
		DBC66F4C1D4B2B21009666AF /* ZHCN_Language.strings */ = {isa = PBXFileReference; fileEncoding = 4; lastKnownFileType = text.plist.strings; path = ZHCN_Language.strings; sourceTree = "<group>"; };
		DBC66F4E1D4B2B44009666AF /* EN_Language.strings */ = {isa = PBXFileReference; fileEncoding = 4; lastKnownFileType = text.plist.strings; path = EN_Language.strings; sourceTree = "<group>"; };
		DBC8DB431D6C236300115D0A /* FlowContentView.h */ = {isa = PBXFileReference; fileEncoding = 4; lastKnownFileType = sourcecode.c.h; path = FlowContentView.h; sourceTree = "<group>"; };
		DBC8DB441D6C236300115D0A /* FlowContentView.m */ = {isa = PBXFileReference; fileEncoding = 4; lastKnownFileType = sourcecode.c.objc; path = FlowContentView.m; sourceTree = "<group>"; };
		DBC8DB4C1D6C253800115D0A /* FlowViewController.h */ = {isa = PBXFileReference; fileEncoding = 4; lastKnownFileType = sourcecode.c.h; path = FlowViewController.h; sourceTree = "<group>"; };
		DBC8DB4D1D6C253800115D0A /* FlowViewController.m */ = {isa = PBXFileReference; fileEncoding = 4; lastKnownFileType = sourcecode.c.objc; path = FlowViewController.m; sourceTree = "<group>"; };
		DBC8DB4E1D6C253800115D0A /* FlowViewController.xib */ = {isa = PBXFileReference; fileEncoding = 4; lastKnownFileType = file.xib; path = FlowViewController.xib; sourceTree = "<group>"; };
		DBC8DB521D6C39BB00115D0A /* NewsView.h */ = {isa = PBXFileReference; fileEncoding = 4; lastKnownFileType = sourcecode.c.h; path = NewsView.h; sourceTree = "<group>"; };
		DBC8DB531D6C39BB00115D0A /* NewsView.m */ = {isa = PBXFileReference; fileEncoding = 4; lastKnownFileType = sourcecode.c.objc; path = NewsView.m; sourceTree = "<group>"; };
		DBEAAC0D1D55D9A200A4E76A /* YHNetCache.h */ = {isa = PBXFileReference; fileEncoding = 4; lastKnownFileType = sourcecode.c.h; path = YHNetCache.h; sourceTree = "<group>"; };
		DBEAAC0E1D55D9A200A4E76A /* YHNetCache.m */ = {isa = PBXFileReference; fileEncoding = 4; lastKnownFileType = sourcecode.c.objc; path = YHNetCache.m; sourceTree = "<group>"; };
		DBF277151D4C830100EDB2EB /* YHFileManager.h */ = {isa = PBXFileReference; fileEncoding = 4; lastKnownFileType = sourcecode.c.h; path = YHFileManager.h; sourceTree = "<group>"; };
		DBF277161D4C830100EDB2EB /* YHFileManager.m */ = {isa = PBXFileReference; fileEncoding = 4; lastKnownFileType = sourcecode.c.objc; path = YHFileManager.m; sourceTree = "<group>"; };
		DBF277181D4C847800EDB2EB /* YHFileCompress.h */ = {isa = PBXFileReference; fileEncoding = 4; lastKnownFileType = sourcecode.c.h; path = YHFileCompress.h; sourceTree = "<group>"; };
		DBF277191D4C847800EDB2EB /* YHFileCompress.m */ = {isa = PBXFileReference; fileEncoding = 4; lastKnownFileType = sourcecode.c.objc; path = YHFileCompress.m; sourceTree = "<group>"; };
		DBF2771B1D4C84BE00EDB2EB /* YHFileAction.h */ = {isa = PBXFileReference; fileEncoding = 4; lastKnownFileType = sourcecode.c.h; path = YHFileAction.h; sourceTree = "<group>"; };
		DBF2771C1D4C84BE00EDB2EB /* YHFileAction.m */ = {isa = PBXFileReference; fileEncoding = 4; lastKnownFileType = sourcecode.c.objc; path = YHFileAction.m; sourceTree = "<group>"; };
		DBF7BD431D5B1DD700320F62 /* YHFileDownLoadManager.h */ = {isa = PBXFileReference; fileEncoding = 4; lastKnownFileType = sourcecode.c.h; path = YHFileDownLoadManager.h; sourceTree = "<group>"; };
		DBF7BD441D5B1DD700320F62 /* YHFileDownLoadManager.m */ = {isa = PBXFileReference; fileEncoding = 4; lastKnownFileType = sourcecode.c.objc; path = YHFileDownLoadManager.m; sourceTree = "<group>"; };
		DBF7BD461D5B1EF600320F62 /* YHFileDownLoadModel.h */ = {isa = PBXFileReference; fileEncoding = 4; lastKnownFileType = sourcecode.c.h; path = YHFileDownLoadModel.h; sourceTree = "<group>"; };
		DBF7BD471D5B1EF600320F62 /* YHFileDownLoadModel.m */ = {isa = PBXFileReference; fileEncoding = 4; lastKnownFileType = sourcecode.c.objc; path = YHFileDownLoadModel.m; sourceTree = "<group>"; };
		DBF7BD491D5B1F1900320F62 /* YHFileHelper.h */ = {isa = PBXFileReference; fileEncoding = 4; lastKnownFileType = sourcecode.c.h; path = YHFileHelper.h; sourceTree = "<group>"; };
		DBF7BD4A1D5B1F1900320F62 /* YHFileHelper.m */ = {isa = PBXFileReference; fileEncoding = 4; lastKnownFileType = sourcecode.c.objc; path = YHFileHelper.m; sourceTree = "<group>"; };
		DBF7BD4C1D5B1F6100320F62 /* YHFileDownLoadOperation.h */ = {isa = PBXFileReference; fileEncoding = 4; lastKnownFileType = sourcecode.c.h; path = YHFileDownLoadOperation.h; sourceTree = "<group>"; };
		DBF7BD4D1D5B1F6100320F62 /* YHFileDownLoadOperation.m */ = {isa = PBXFileReference; fileEncoding = 4; lastKnownFileType = sourcecode.c.objc; path = YHFileDownLoadOperation.m; sourceTree = "<group>"; };
		DD0E1219D0BEF083B310C3CF /* Pods.debug.xcconfig */ = {isa = PBXFileReference; includeInIndex = 1; lastKnownFileType = text.xcconfig; name = Pods.debug.xcconfig; path = "Pods/Target Support Files/Pods/Pods.debug.xcconfig"; sourceTree = "<group>"; };
/* End PBXFileReference section */

/* Begin PBXFrameworksBuildPhase section */
		DBA450A81D2CE5E8001ADEDC /* Frameworks */ = {
			isa = PBXFrameworksBuildPhase;
			buildActionMask = 2147483647;
			files = (
				6BA7A0B108064810A864A538 /* libPods.a in Frameworks */,
			);
			runOnlyForDeploymentPostprocessing = 0;
		};
/* End PBXFrameworksBuildPhase section */

/* Begin PBXGroup section */
		67F47FC7BD307829EAE84E50 /* Frameworks */ = {
			isa = PBXGroup;
			children = (
				9628ACA354870A8FADE8F0D1 /* libPods.a */,
			);
			name = Frameworks;
			sourceTree = "<group>";
		};
		DA33F166ABCBF4624B8BE2E8 /* Pods */ = {
			isa = PBXGroup;
			children = (
				DD0E1219D0BEF083B310C3CF /* Pods.debug.xcconfig */,
				7C43B3DB5A87B567429D9E18 /* Pods.release.xcconfig */,
			);
			name = Pods;
			sourceTree = "<group>";
		};
		DB184B761D6BFBD3004F04FD /* viewContent */ = {
			isa = PBXGroup;
			children = (
				DBC579171D879E4C00A6CF35 /* adsView */,
				DBC8DB511D6C390400115D0A /* newsView */,
				DBC8DB421D6C236300115D0A /* flowView */,
			);
			path = viewContent;
			sourceTree = "<group>";
		};
		DB2191F81D6D3A4C00AD48DB /* newsView */ = {
			isa = PBXGroup;
			children = (
				DB2192041D6D9C7300AD48DB /* newsView.png */,
				DB2191F91D6D3A7B00AD48DB /* NewsViewController.h */,
				DB2191FA1D6D3A7B00AD48DB /* NewsViewController.m */,
				DB2191FB1D6D3A7B00AD48DB /* NewsViewController.xib */,
				DB2191FE1D6D843300AD48DB /* NewContentView.h */,
				DB2191FF1D6D843300AD48DB /* NewContentView.m */,
				DB2192011D6D86AA00AD48DB /* NewsTableViewDelegate.h */,
				DB2192021D6D86AA00AD48DB /* NewsTableViewDelegate.m */,
			);
			path = newsView;
			sourceTree = "<group>";
		};
		DB2A880F1D6EC194006010C8 /* QRCode */ = {
			isa = PBXGroup;
			children = (
				DB2A881C1D6EDC97006010C8 /* QRCodeScanLine.png */,
				DB2A88101D6EDC89006010C8 /* QRCodeCameraViewController.h */,
				DB2A88111D6EDC89006010C8 /* QRCodeCameraViewController.m */,
				DB2A88121D6EDC89006010C8 /* QRCodeCreate.h */,
				DB2A88131D6EDC89006010C8 /* QRCodeCreate.m */,
				DB2A88141D6EDC89006010C8 /* QRCodePhotoLibrary.h */,
				DB2A88151D6EDC89006010C8 /* QRCodePhotoLibrary.m */,
				DB2A88161D6EDC89006010C8 /* QRCodeTools.h */,
				DB2A88171D6EDC89006010C8 /* QRCodeTools.m */,
			);
			path = QRCode;
			sourceTree = "<group>";
		};
		DB2A881E1D6EDCA1006010C8 /* qrCode */ = {
			isa = PBXGroup;
			children = (
				DB2A881F1D6EDCC0006010C8 /* QRCodeViewController.h */,
				DB2A88201D6EDCC0006010C8 /* QRCodeViewController.m */,
				DB2A88211D6EDCC0006010C8 /* QRCodeViewController.xib */,
			);
			path = qrCode;
			sourceTree = "<group>";
		};
		DB2BF2931D89246D00C478C9 /* photothrough */ = {
			isa = PBXGroup;
			children = (
				DB2BF2941D8924A400C478C9 /* PhotoThrough.h */,
				DB2BF2951D8924A400C478C9 /* PhotoThrough.m */,
			);
			path = photothrough;
			sourceTree = "<group>";
		};
		DB2BF2981D892C4000C478C9 /* photothrough */ = {
			isa = PBXGroup;
			children = (
				DB2BF2991D89310800C478C9 /* YHPhotoThroughViewController.h */,
				DB2BF29A1D89310800C478C9 /* YHPhotoThroughViewController.m */,
				DB2BF2A11D893E9100C478C9 /* YHPhotoThroughCell.h */,
				DB2BF2A21D893E9100C478C9 /* YHPhotoThroughCell.m */,
				DB2BF2A31D893E9100C478C9 /* YHPhotoThroughCell.xib */,
			);
			path = photothrough;
			sourceTree = "<group>";
		};
		DB2F492C1D669A96001E5B30 /* subClass */ = {
			isa = PBXGroup;
			children = (
				DBC5791F1D87DDF800A6CF35 /* pageControl */,
				DB2F492D1D669B30001E5B30 /* waterfallLayout */,
			);
			path = subClass;
			sourceTree = "<group>";
		};
		DB2F492D1D669B30001E5B30 /* waterfallLayout */ = {
			isa = PBXGroup;
			children = (
				DB2F492E1D66A1C6001E5B30 /* YHWaterFallLayout.h */,
				DB2F492F1D66A1C6001E5B30 /* YHWaterFallLayout.m */,
			);
			path = waterfallLayout;
			sourceTree = "<group>";
		};
		DB3DA0B91D34BBC40016D137 /* tools */ = {
			isa = PBXGroup;
			children = (
				DB3DA0BA1D34BC360016D137 /* YHDeviceTools.h */,
				DB3DA0BB1D34BC360016D137 /* YHDeviceTools.m */,
				DBBCA3DA1D3DF9D400ED7014 /* YHTools.h */,
				DB53F7111D48A02D0065F49E /* RegularCheck.h */,
				DB53F7121D48A02D0065F49E /* RegularCheck.m */,
				DB36C8831D99227400451513 /* YHPreConstant.h */,
				DB36C8841D99227400451513 /* YHPreConstant.m */,
			);
			path = tools;
			sourceTree = "<group>";
		};
		DB5DFB481D6A936D0094C6B1 /* test */ = {
			isa = PBXGroup;
			children = (
				DBC5791B1D87A76400A6CF35 /* adsView */,
				DB2BF2931D89246D00C478C9 /* photothrough */,
				DBC579121D8792E600A6CF35 /* photoPick */,
				DB2A881E1D6EDCA1006010C8 /* qrCode */,
				DB2191F81D6D3A4C00AD48DB /* newsView */,
				DBC8DB4B1D6C24FF00115D0A /* flowView */,
				DB5DFB8B1D6AEF170094C6B1 /* readMe */,
				DB5DFB831D6ADD400094C6B1 /* fileManager */,
				DB5DFB7A1D6ACE3B0094C6B1 /* language */,
				DB5DFB741D6AAA880094C6B1 /* deviceInfo */,
				DB5DFB6D1D6AA18E0094C6B1 /* netWork */,
				DB5DFB491D6A936D0094C6B1 /* testMutableDownload */,
				DB5DFB4F1D6A936D0094C6B1 /* testObject */,
				DB5DFB541D6A936D0094C6B1 /* waterFallLayout */,
			);
			path = test;
			sourceTree = "<group>";
		};
		DB5DFB491D6A936D0094C6B1 /* testMutableDownload */ = {
			isa = PBXGroup;
			children = (
				DB5DFB4A1D6A936D0094C6B1 /* DownloadCell.h */,
				DB5DFB4B1D6A936D0094C6B1 /* DownloadCell.m */,
				DB5DFB4C1D6A936D0094C6B1 /* DownloadCell.xib */,
				DB5DFB4D1D6A936D0094C6B1 /* DownloadViewController.h */,
				DB5DFB4E1D6A936D0094C6B1 /* DownloadViewController.m */,
				DB5DFB6B1D6AA03A0094C6B1 /* DownloadViewController.xib */,
			);
			path = testMutableDownload;
			sourceTree = "<group>";
		};
		DB5DFB4F1D6A936D0094C6B1 /* testObject */ = {
			isa = PBXGroup;
			children = (
				DB5DFB501D6A936D0094C6B1 /* Person.h */,
				DB5DFB511D6A936D0094C6B1 /* Person.m */,
				DB5DFB521D6A936D0094C6B1 /* Son.h */,
				DB5DFB531D6A936D0094C6B1 /* Son.m */,
			);
			path = testObject;
			sourceTree = "<group>";
		};
		DB5DFB541D6A936D0094C6B1 /* waterFallLayout */ = {
			isa = PBXGroup;
			children = (
				DB5DFB551D6A936D0094C6B1 /* WaterViewController.h */,
				DB5DFB561D6A936D0094C6B1 /* WaterViewController.m */,
			);
			path = waterFallLayout;
			sourceTree = "<group>";
		};
		DB5DFB6D1D6AA18E0094C6B1 /* netWork */ = {
			isa = PBXGroup;
			children = (
				DB5DFB6E1D6AA1B70094C6B1 /* NetworkViewController.h */,
				DB5DFB6F1D6AA1B70094C6B1 /* NetworkViewController.m */,
				DB5DFB701D6AA1B70094C6B1 /* NetworkViewController.xib */,
			);
			path = netWork;
			sourceTree = "<group>";
		};
		DB5DFB741D6AAA880094C6B1 /* deviceInfo */ = {
			isa = PBXGroup;
			children = (
				DB5DFB751D6AAAAC0094C6B1 /* DeviceInfoViewController.h */,
				DB5DFB761D6AAAAC0094C6B1 /* DeviceInfoViewController.m */,
				DB5DFB771D6AAAAC0094C6B1 /* DeviceInfoViewController.xib */,
			);
			path = deviceInfo;
			sourceTree = "<group>";
		};
		DB5DFB7A1D6ACE3B0094C6B1 /* language */ = {
			isa = PBXGroup;
			children = (
				DB5DFB7B1D6ACE5F0094C6B1 /* LanguageViewController.h */,
				DB5DFB7C1D6ACE5F0094C6B1 /* LanguageViewController.m */,
				DB5DFB7D1D6ACE5F0094C6B1 /* LanguageViewController.xib */,
			);
			path = language;
			sourceTree = "<group>";
		};
		DB5DFB831D6ADD400094C6B1 /* fileManager */ = {
			isa = PBXGroup;
			children = (
				DB5DFB841D6ADD670094C6B1 /* FileManagerViewController.h */,
				DB5DFB851D6ADD670094C6B1 /* FileManagerViewController.m */,
				DB5DFB861D6ADD670094C6B1 /* FileManagerViewController.xib */,
			);
			path = fileManager;
			sourceTree = "<group>";
		};
		DB5DFB8B1D6AEF170094C6B1 /* readMe */ = {
			isa = PBXGroup;
			children = (
				DB5DFB8C1D6AEF370094C6B1 /* ReadMeViewController.h */,
				DB5DFB8D1D6AEF370094C6B1 /* ReadMeViewController.m */,
				DB5DFB8E1D6AEF370094C6B1 /* ReadMeViewController.xib */,
			);
			path = readMe;
			sourceTree = "<group>";
		};
		DBA450A21D2CE5E8001ADEDC = {
			isa = PBXGroup;
			children = (
				DBA450AD1D2CE5E8001ADEDC /* YHDevelopFramework */,
				DBA450AC1D2CE5E8001ADEDC /* Products */,
				DA33F166ABCBF4624B8BE2E8 /* Pods */,
				67F47FC7BD307829EAE84E50 /* Frameworks */,
			);
			sourceTree = "<group>";
		};
		DBA450AC1D2CE5E8001ADEDC /* Products */ = {
			isa = PBXGroup;
			children = (
				DBA450AB1D2CE5E8001ADEDC /* YHDevelopFramework.app */,
			);
			name = Products;
			sourceTree = "<group>";
		};
		DBA450AD1D2CE5E8001ADEDC /* YHDevelopFramework */ = {
			isa = PBXGroup;
			children = (
				DBA450DB1D2CECBD001ADEDC /* Classes */,
				DBA450C51D2CE874001ADEDC /* framework */,
				DBA450AE1D2CE5E8001ADEDC /* Supporting Files */,
			);
			path = YHDevelopFramework;
			sourceTree = "<group>";
		};
		DBA450AE1D2CE5E8001ADEDC /* Supporting Files */ = {
			isa = PBXGroup;
			children = (
				DB5DFB481D6A936D0094C6B1 /* test */,
				DBA450BC1D2CE5E8001ADEDC /* LaunchScreen.storyboard */,
				DB5DFB5D1D6A93D70094C6B1 /* ViewController.h */,
				DB5DFB5E1D6A93D70094C6B1 /* ViewController.m */,
				DB5DFB631D6A94F80094C6B1 /* VCList.plist */,
				DB5DFB601D6A93ED0094C6B1 /* Main.storyboard */,
				DB5DFB681D6A9AF70094C6B1 /* AppDelegate.h */,
				DB5DFB691D6A9AF70094C6B1 /* AppDelegate.m */,
				DBA450AF1D2CE5E8001ADEDC /* main.m */,
			);
			name = "Supporting Files";
			sourceTree = "<group>";
		};
		DBA450C51D2CE874001ADEDC /* framework */ = {
			isa = PBXGroup;
			children = (
				DB184B761D6BFBD3004F04FD /* viewContent */,
				DB2F492C1D669A96001E5B30 /* subClass */,
				DB3DA0B91D34BBC40016D137 /* tools */,
				DBA450C81D2CE9B6001ADEDC /* Category */,
				DBA450C71D2CE975001ADEDC /* Component */,
				DBA450C61D2CE95A001ADEDC /* BaseObject */,
			);
			path = framework;
			sourceTree = "<group>";
		};
		DBA450C61D2CE95A001ADEDC /* BaseObject */ = {
			isa = PBXGroup;
			children = (
				DBB8629A1D3CD5EE00A5951F /* model */,
				DBA450CB1D2CEA6B001ADEDC /* service */,
				DBA450CA1D2CEA5B001ADEDC /* view */,
				DBA450C91D2CEA49001ADEDC /* controller */,
			);
			path = BaseObject;
			sourceTree = "<group>";
		};
		DBA450C71D2CE975001ADEDC /* Component */ = {
			isa = PBXGroup;
			children = (
				DB2BF2981D892C4000C478C9 /* photothrough */,
				DBC579131D87991E00A6CF35 /* photoPick */,
				DB2A880F1D6EC194006010C8 /* QRCode */,
				DBF7BD421D5B18D500320F62 /* mutableFileDownload */,
				DBC66F531D4B5179009666AF /* fileComponent */,
				DBA450D81D2CEC1B001ADEDC /* DBComponent */,
				DBA450D71D2CEB5F001ADEDC /* logComponent */,
				DBA450D61D2CEB3B001ADEDC /* languageComponent */,
				DBA450D51D2CEB13001ADEDC /* httpComponent */,
			);
			path = Component;
			sourceTree = "<group>";
		};
		DBA450C81D2CE9B6001ADEDC /* Category */ = {
			isa = PBXGroup;
			children = (
				DBA450DA1D2CEC6B001ADEDC /* foundationCategory */,
				DBA450D91D2CEC4E001ADEDC /* kitCategory */,
			);
			path = Category;
			sourceTree = "<group>";
		};
		DBA450C91D2CEA49001ADEDC /* controller */ = {
			isa = PBXGroup;
			children = (
				DBA450CC1D2CEA91001ADEDC /* BaseViewController.h */,
				DBA450CD1D2CEA91001ADEDC /* BaseViewController.m */,
				DB5DFB801D6AD0B80094C6B1 /* BaseNavigationViewController.h */,
				DB5DFB811D6AD0B80094C6B1 /* BaseNavigationViewController.m */,
			);
			path = controller;
			sourceTree = "<group>";
		};
		DBA450CA1D2CEA5B001ADEDC /* view */ = {
			isa = PBXGroup;
			children = (
				DBA450CF1D2CEAAE001ADEDC /* BaseView.h */,
				DBA450D01D2CEAAE001ADEDC /* BaseView.m */,
				DB53F7021D488C990065F49E /* BaseTableViewCell.h */,
				DB53F7031D488C990065F49E /* BaseTableViewCell.m */,
				DB53F7051D488D290065F49E /* BaseCollectionViewCell.h */,
				DB53F7061D488D290065F49E /* BaseCollectionViewCell.m */,
			);
			path = view;
			sourceTree = "<group>";
		};
		DBA450CB1D2CEA6B001ADEDC /* service */ = {
			isa = PBXGroup;
			children = (
				DBA450D21D2CEADD001ADEDC /* BaseService.h */,
				DBA450D31D2CEADD001ADEDC /* BaseService.m */,
			);
			path = service;
			sourceTree = "<group>";
		};
		DBA450D51D2CEB13001ADEDC /* httpComponent */ = {
			isa = PBXGroup;
			children = (
				DB0243341D54290900E99FA8 /* YHNetWork.h */,
				DB0243351D54290900E99FA8 /* YHNetWork.m */,
				DB02433A1D54656C00E99FA8 /* YHReachability.h */,
				DB02433B1D54656C00E99FA8 /* YHReachability.m */,
				DBEAAC0D1D55D9A200A4E76A /* YHNetCache.h */,
				DBEAAC0E1D55D9A200A4E76A /* YHNetCache.m */,
			);
			path = httpComponent;
			sourceTree = "<group>";
		};
		DBA450D61D2CEB3B001ADEDC /* languageComponent */ = {
			isa = PBXGroup;
			children = (
				DB53F7221D48AF800065F49E /* YHInternationalControl.h */,
				DB53F7231D48AF800065F49E /* YHInternationalControl.m */,
			);
			path = languageComponent;
			sourceTree = "<group>";
		};
		DBA450D71D2CEB5F001ADEDC /* logComponent */ = {
			isa = PBXGroup;
			children = (
				DB3DA0C01D34E0190016D137 /* YHLogger.h */,
				DB3DA0C11D34E0190016D137 /* YHLogger.m */,
				DB3DA0C31D34ECF30016D137 /* YHLogFormat.h */,
				DB3DA0C41D34ECF30016D137 /* YHLogFormat.m */,
				DB63FABF1D37811B000C06F5 /* YHCrashCatch.h */,
				DB63FAC01D37811B000C06F5 /* YHCrashCatch.m */,
			);
			path = logComponent;
			sourceTree = "<group>";
		};
		DBA450D81D2CEC1B001ADEDC /* DBComponent */ = {
			isa = PBXGroup;
			children = (
				DB44B5481D3F5CE0000D98C5 /* YHDBSQLite.h */,
				DB44B5491D3F5CE0000D98C5 /* YHDBSQLite.m */,
				DB44B54B1D3F8371000D98C5 /* YHDBManager.h */,
				DB44B54C1D3F8371000D98C5 /* YHDBManager.m */,
				DB315B5C1D41FE9100069C87 /* YHDBYTKValueStore.h */,
				DB315B5D1D41FE9100069C87 /* YHDBYTKValueStore.m */,
			);
			path = DBComponent;
			sourceTree = "<group>";
		};
		DBA450D91D2CEC4E001ADEDC /* kitCategory */ = {
			isa = PBXGroup;
			children = (
				DB3DA0BD1D34D2500016D137 /* UIView+Frame.h */,
				DB3DA0BE1D34D2500016D137 /* UIView+Frame.m */,
				DBB862971D3CBF2000A5951F /* UIImageView+BorderChange.h */,
				DBB862981D3CBF2000A5951F /* UIImageView+BorderChange.m */,
				DBBCA3DF1D3E074B00ED7014 /* UIImage+ChangeSize.h */,
				DBBCA3E01D3E074B00ED7014 /* UIImage+ChangeSize.m */,
			);
			path = kitCategory;
			sourceTree = "<group>";
		};
		DBA450DA1D2CEC6B001ADEDC /* foundationCategory */ = {
			isa = PBXGroup;
			children = (
				DBA450E71D2D0771001ADEDC /* NSDate+YHDateFormat.h */,
				DBA450E81D2D0771001ADEDC /* NSDate+YHDateFormat.m */,
				DB53F6FF1D4889CF0065F49E /* NSObject+JsonAndDic.h */,
				DB53F7001D4889CF0065F49E /* NSObject+JsonAndDic.m */,
				DB53F7081D4892F00065F49E /* NSNumber+Formatter.h */,
				DB53F7091D4892F00065F49E /* NSNumber+Formatter.m */,
				DB53F70E1D4898160065F49E /* NSString+Secret.h */,
				DB53F70F1D4898160065F49E /* NSString+Secret.m */,
				DB0243311D54268000E99FA8 /* NSString+Rect.h */,
				DB0243321D54268000E99FA8 /* NSString+Rect.m */,
			);
			path = foundationCategory;
			sourceTree = "<group>";
		};
		DBA450DB1D2CECBD001ADEDC /* Classes */ = {
			isa = PBXGroup;
			children = (
				DBA450DE1D2CED1D001ADEDC /* deploy */,
				DBA450DD1D2CECF5001ADEDC /* Sources */,
				DBA450DC1D2CECD3001ADEDC /* Modules */,
				DBA450E51D2CEE2E001ADEDC /* readMe.strings */,
				DB5DFB891D6AEE7F0094C6B1 /* readMe.txt */,
			);
			path = Classes;
			sourceTree = "<group>";
		};
		DBA450DC1D2CECD3001ADEDC /* Modules */ = {
			isa = PBXGroup;
			children = (
			);
			path = Modules;
			sourceTree = "<group>";
		};
		DBA450DD1D2CECF5001ADEDC /* Sources */ = {
			isa = PBXGroup;
			children = (
				DBA450BA1D2CE5E8001ADEDC /* Assets.xcassets */,
				DBC66F4C1D4B2B21009666AF /* ZHCN_Language.strings */,
				DBC66F4E1D4B2B44009666AF /* EN_Language.strings */,
			);
			path = Sources;
			sourceTree = "<group>";
		};
		DBA450DE1D2CED1D001ADEDC /* deploy */ = {
			isa = PBXGroup;
			children = (
				DBA450BF1D2CE5E8001ADEDC /* Info.plist */,
				DBBCA3DD1D3DFC1300ED7014 /* YHList.plist */,
			);
			path = deploy;
			sourceTree = "<group>";
		};
		DBB8629A1D3CD5EE00A5951F /* model */ = {
			isa = PBXGroup;
			children = (
				DBB8629B1D3CD60500A5951F /* Entity.h */,
				DBB8629C1D3CD60500A5951F /* Entity.m */,
			);
			path = model;
			sourceTree = "<group>";
		};
		DBC579121D8792E600A6CF35 /* photoPick */ = {
			isa = PBXGroup;
			children = (
				DB36C8791D9912D600451513 /* PhotoPickViewController.h */,
				DB36C87A1D9912D600451513 /* PhotoPickViewController.m */,
				DB36C87B1D9912D600451513 /* PhotoPickViewController.xib */,
			);
			path = photoPick;
			sourceTree = "<group>";
		};
		DBC579131D87991E00A6CF35 /* photoPick */ = {
			isa = PBXGroup;
			children = (
				DBC579141D87996900A6CF35 /* YHPhotoPickController.h */,
				DBC579151D87996900A6CF35 /* YHPhotoPickController.m */,
				DB36C8861D9927E000451513 /* YHAssets.h */,
				DB36C8871D9927E000451513 /* YHAssets.m */,
				DB36C8891D9A4E4E00451513 /* YHBottomView.h */,
				DB36C88A1D9A4E4E00451513 /* YHBottomView.m */,
				DB36C88C1D9A4E7B00451513 /* YHBottomView.xib */,
				DB160CA71D9B6E5C004E11FA /* YHPhotoPickHighImageCell.h */,
				DB160CA81D9B6E5C004E11FA /* YHPhotoPickHighImageCell.m */,
				DB160CA91D9B6E5C004E11FA /* YHPhotoPickHighImageCell.xib */,
				DB36C87E1D9918DE00451513 /* YHPhotoPickCollectionViewCell.h */,
				DB36C87F1D9918DE00451513 /* YHPhotoPickCollectionViewCell.m */,
				DB36C8801D9918DE00451513 /* YHPhotoPickCollectionViewCell.xib */,
				DB160CAC1D9BAA55004E11FA /* YHPhotoPickCellProtocol.h */,
			);
			path = photoPick;
			sourceTree = "<group>";
		};
		DBC579171D879E4C00A6CF35 /* adsView */ = {
			isa = PBXGroup;
			children = (
				DBC579181D879E7E00A6CF35 /* AdsCycleView.h */,
				DBC579191D879E7E00A6CF35 /* AdsCycleView.m */,
			);
			path = adsView;
			sourceTree = "<group>";
		};
		DBC5791B1D87A76400A6CF35 /* adsView */ = {
			isa = PBXGroup;
			children = (
				DBC5791C1D87A79700A6CF35 /* AdsViewController.h */,
				DBC5791D1D87A79700A6CF35 /* AdsViewController.m */,
			);
			path = adsView;
			sourceTree = "<group>";
		};
		DBC5791F1D87DDF800A6CF35 /* pageControl */ = {
			isa = PBXGroup;
			children = (
				DBC579201D87DE1500A6CF35 /* YHPageControl.h */,
				DBC579211D87DE1500A6CF35 /* YHPageControl.m */,
			);
			path = pageControl;
			sourceTree = "<group>";
		};
		DBC66F531D4B5179009666AF /* fileComponent */ = {
			isa = PBXGroup;
			children = (
				DBF277151D4C830100EDB2EB /* YHFileManager.h */,
				DBF277161D4C830100EDB2EB /* YHFileManager.m */,
				DBF277181D4C847800EDB2EB /* YHFileCompress.h */,
				DBF277191D4C847800EDB2EB /* YHFileCompress.m */,
				DBF2771B1D4C84BE00EDB2EB /* YHFileAction.h */,
				DBF2771C1D4C84BE00EDB2EB /* YHFileAction.m */,
			);
			path = fileComponent;
			sourceTree = "<group>";
		};
		DBC8DB421D6C236300115D0A /* flowView */ = {
			isa = PBXGroup;
			children = (
				DBC8DB431D6C236300115D0A /* FlowContentView.h */,
				DBC8DB441D6C236300115D0A /* FlowContentView.m */,
			);
			path = flowView;
			sourceTree = "<group>";
		};
		DBC8DB4B1D6C24FF00115D0A /* flowView */ = {
			isa = PBXGroup;
			children = (
				DBC8DB4C1D6C253800115D0A /* FlowViewController.h */,
				DBC8DB4D1D6C253800115D0A /* FlowViewController.m */,
				DBC8DB4E1D6C253800115D0A /* FlowViewController.xib */,
			);
			path = flowView;
			sourceTree = "<group>";
		};
		DBC8DB511D6C390400115D0A /* newsView */ = {
			isa = PBXGroup;
			children = (
				DBC8DB521D6C39BB00115D0A /* NewsView.h */,
				DBC8DB531D6C39BB00115D0A /* NewsView.m */,
			);
			path = newsView;
			sourceTree = "<group>";
		};
		DBF7BD421D5B18D500320F62 /* mutableFileDownload */ = {
			isa = PBXGroup;
			children = (
				DBF7BD431D5B1DD700320F62 /* YHFileDownLoadManager.h */,
				DBF7BD441D5B1DD700320F62 /* YHFileDownLoadManager.m */,
				DBF7BD461D5B1EF600320F62 /* YHFileDownLoadModel.h */,
				DBF7BD471D5B1EF600320F62 /* YHFileDownLoadModel.m */,
				DBF7BD491D5B1F1900320F62 /* YHFileHelper.h */,
				DBF7BD4A1D5B1F1900320F62 /* YHFileHelper.m */,
				DBF7BD4C1D5B1F6100320F62 /* YHFileDownLoadOperation.h */,
				DBF7BD4D1D5B1F6100320F62 /* YHFileDownLoadOperation.m */,
				DB378E231D5C21B900A375DA /* YHFileDownloadStore.h */,
				DB378E241D5C21B900A375DA /* YHFileDownloadStore.m */,
			);
			path = mutableFileDownload;
			sourceTree = "<group>";
		};
/* End PBXGroup section */

/* Begin PBXNativeTarget section */
		DBA450AA1D2CE5E8001ADEDC /* YHDevelopFramework */ = {
			isa = PBXNativeTarget;
			buildConfigurationList = DBA450C21D2CE5E8001ADEDC /* Build configuration list for PBXNativeTarget "YHDevelopFramework" */;
			buildPhases = (
				0142974F8163472AE14F05E0 /* Check Pods Manifest.lock */,
				DBA450A71D2CE5E8001ADEDC /* Sources */,
				DBA450A81D2CE5E8001ADEDC /* Frameworks */,
				DBA450A91D2CE5E8001ADEDC /* Resources */,
				AA078AE50BC8067BC87C9411 /* Embed Pods Frameworks */,
				633E095D5387EEB07E2CFB20 /* Copy Pods Resources */,
			);
			buildRules = (
			);
			dependencies = (
			);
			name = YHDevelopFramework;
			productName = YHDevelopFramework;
			productReference = DBA450AB1D2CE5E8001ADEDC /* YHDevelopFramework.app */;
			productType = "com.apple.product-type.application";
		};
/* End PBXNativeTarget section */

/* Begin PBXProject section */
		DBA450A31D2CE5E8001ADEDC /* Project object */ = {
			isa = PBXProject;
			attributes = {
				KnownAssetTags = (
					aadd,
				);
				LastUpgradeCheck = 0730;
				ORGANIZATIONNAME = isoftstone;
				TargetAttributes = {
					DBA450AA1D2CE5E8001ADEDC = {
						CreatedOnToolsVersion = 7.3;
					};
				};
			};
			buildConfigurationList = DBA450A61D2CE5E8001ADEDC /* Build configuration list for PBXProject "YHDevelopFramework" */;
			compatibilityVersion = "Xcode 3.2";
			developmentRegion = English;
			hasScannedForEncodings = 0;
			knownRegions = (
				Base,
			);
			mainGroup = DBA450A21D2CE5E8001ADEDC;
			productRefGroup = DBA450AC1D2CE5E8001ADEDC /* Products */;
			projectDirPath = "";
			projectRoot = "";
			targets = (
				DBA450AA1D2CE5E8001ADEDC /* YHDevelopFramework */,
			);
		};
/* End PBXProject section */

/* Begin PBXResourcesBuildPhase section */
		DBA450A91D2CE5E8001ADEDC /* Resources */ = {
			isa = PBXResourcesBuildPhase;
			buildActionMask = 2147483647;
			files = (
				DB4992291D91160900272AEB /* YHPhotoCollectionViewCell.xib in Resources */,
				DB5DFB791D6AAAAC0094C6B1 /* DeviceInfoViewController.xib in Resources */,
				DB36C8821D9918DE00451513 /* YHPhotoPickCollectionViewCell.xib in Resources */,
				DB5DFB7F1D6ACE5F0094C6B1 /* LanguageViewController.xib in Resources */,
				DB36C87D1D9912D600451513 /* PhotoPickViewController.xib in Resources */,
				DB2192051D6D9C7300AD48DB /* newsView.png in Resources */,
				DB5DFB6C1D6AA03A0094C6B1 /* DownloadViewController.xib in Resources */,
				DBA450E61D2CEE2E001ADEDC /* readMe.strings in Resources */,
				DB2BF2A51D893E9100C478C9 /* YHPhotoThroughCell.xib in Resources */,
				DBC66F4D1D4B2B21009666AF /* ZHCN_Language.strings in Resources */,
				DB5DFB641D6A94F80094C6B1 /* VCList.plist in Resources */,
				DB5DFB901D6AEF370094C6B1 /* ReadMeViewController.xib in Resources */,
				DB5DFB581D6A936D0094C6B1 /* DownloadCell.xib in Resources */,
				DB5DFB621D6A93ED0094C6B1 /* Main.storyboard in Resources */,
				DB5DFB881D6ADD670094C6B1 /* FileManagerViewController.xib in Resources */,
				DB160CAB1D9B6E5C004E11FA /* YHPhotoPickHighImageCell.xib in Resources */,
				DB5DFB721D6AA1B70094C6B1 /* NetworkViewController.xib in Resources */,
				DB2A88231D6EDCC0006010C8 /* QRCodeViewController.xib in Resources */,
				DB5DFB8A1D6AEE7F0094C6B1 /* readMe.txt in Resources */,
				DBC8DB501D6C253800115D0A /* FlowViewController.xib in Resources */,
				DBBCA3DE1D3DFC1300ED7014 /* YHList.plist in Resources */,
				DBA450BE1D2CE5E8001ADEDC /* LaunchScreen.storyboard in Resources */,
				DB2A881D1D6EDC97006010C8 /* QRCodeScanLine.png in Resources */,
				DB36C88D1D9A4E7B00451513 /* YHBottomView.xib in Resources */,
				DBC66F4F1D4B2B44009666AF /* EN_Language.strings in Resources */,
				DBA450BB1D2CE5E8001ADEDC /* Assets.xcassets in Resources */,
				DB2191FD1D6D3A7B00AD48DB /* NewsViewController.xib in Resources */,
			);
			runOnlyForDeploymentPostprocessing = 0;
		};
/* End PBXResourcesBuildPhase section */

/* Begin PBXShellScriptBuildPhase section */
		0142974F8163472AE14F05E0 /* Check Pods Manifest.lock */ = {
			isa = PBXShellScriptBuildPhase;
			buildActionMask = 2147483647;
			files = (
			);
			inputPaths = (
			);
			name = "Check Pods Manifest.lock";
			outputPaths = (
			);
			runOnlyForDeploymentPostprocessing = 0;
			shellPath = /bin/sh;
			shellScript = "diff \"${PODS_ROOT}/../Podfile.lock\" \"${PODS_ROOT}/Manifest.lock\" > /dev/null\nif [[ $? != 0 ]] ; then\n    cat << EOM\nerror: The sandbox is not in sync with the Podfile.lock. Run 'pod install' or update your CocoaPods installation.\nEOM\n    exit 1\nfi\n";
			showEnvVarsInLog = 0;
		};
		633E095D5387EEB07E2CFB20 /* Copy Pods Resources */ = {
			isa = PBXShellScriptBuildPhase;
			buildActionMask = 2147483647;
			files = (
			);
			inputPaths = (
			);
			name = "Copy Pods Resources";
			outputPaths = (
			);
			runOnlyForDeploymentPostprocessing = 0;
			shellPath = /bin/sh;
			shellScript = "\"${SRCROOT}/Pods/Target Support Files/Pods/Pods-resources.sh\"\n";
			showEnvVarsInLog = 0;
		};
		AA078AE50BC8067BC87C9411 /* Embed Pods Frameworks */ = {
			isa = PBXShellScriptBuildPhase;
			buildActionMask = 2147483647;
			files = (
			);
			inputPaths = (
			);
			name = "Embed Pods Frameworks";
			outputPaths = (
			);
			runOnlyForDeploymentPostprocessing = 0;
			shellPath = /bin/sh;
			shellScript = "\"${SRCROOT}/Pods/Target Support Files/Pods/Pods-frameworks.sh\"\n";
			showEnvVarsInLog = 0;
		};
/* End PBXShellScriptBuildPhase section */

/* Begin PBXSourcesBuildPhase section */
		DBA450A71D2CE5E8001ADEDC /* Sources */ = {
			isa = PBXSourcesBuildPhase;
			buildActionMask = 2147483647;
			files = (
				DB2BF29B1D89310800C478C9 /* YHPhotoThroughViewController.m in Sources */,
				DB5DFB6A1D6A9AF70094C6B1 /* AppDelegate.m in Sources */,
				DBF7BD4E1D5B1F6100320F62 /* YHFileDownLoadOperation.m in Sources */,
				DB5DFB7E1D6ACE5F0094C6B1 /* LanguageViewController.m in Sources */,
				DBB8629D1D3CD60500A5951F /* Entity.m in Sources */,
				DB53F7131D48A02D0065F49E /* RegularCheck.m in Sources */,
				DBF7BD4B1D5B1F1900320F62 /* YHFileHelper.m in Sources */,
				DB2A881A1D6EDC89006010C8 /* QRCodePhotoLibrary.m in Sources */,
				DBF277171D4C830100EDB2EB /* YHFileManager.m in Sources */,
				DB5DFB5C1D6A936D0094C6B1 /* WaterViewController.m in Sources */,
				DBF7BD481D5B1EF600320F62 /* YHFileDownLoadModel.m in Sources */,
				DBC5791A1D879E7E00A6CF35 /* AdsCycleView.m in Sources */,
				DBB862991D3CBF2000A5951F /* UIImageView+BorderChange.m in Sources */,
				DB5DFB5F1D6A93D70094C6B1 /* ViewController.m in Sources */,
				DBF7BD451D5B1DD700320F62 /* YHFileDownLoadManager.m in Sources */,
				DB5DFB571D6A936D0094C6B1 /* DownloadCell.m in Sources */,
				DB3DA0C51D34ECF30016D137 /* YHLogFormat.m in Sources */,
				DB2192031D6D86AA00AD48DB /* NewsTableViewDelegate.m in Sources */,
				DBC8DB4F1D6C253800115D0A /* FlowViewController.m in Sources */,
				DB02433C1D54656C00E99FA8 /* YHReachability.m in Sources */,
				DBA450E91D2D0771001ADEDC /* NSDate+YHDateFormat.m in Sources */,
				DB36C8811D9918DE00451513 /* YHPhotoPickCollectionViewCell.m in Sources */,
				DB53F7101D4898160065F49E /* NSString+Secret.m in Sources */,
				DB3DA0C21D34E0190016D137 /* YHLogger.m in Sources */,
				DBF2771A1D4C847800EDB2EB /* YHFileCompress.m in Sources */,
				DB36C87C1D9912D600451513 /* PhotoPickViewController.m in Sources */,
				DB2F49301D66A1C6001E5B30 /* YHWaterFallLayout.m in Sources */,
				DBEAAC0F1D55D9A200A4E76A /* YHNetCache.m in Sources */,
				DB2BF2A41D893E9100C478C9 /* YHPhotoThroughCell.m in Sources */,
				DB5DFB821D6AD0B80094C6B1 /* BaseNavigationViewController.m in Sources */,
				DBC8DB451D6C236300115D0A /* FlowContentView.m in Sources */,
				DB5DFB8F1D6AEF370094C6B1 /* ReadMeViewController.m in Sources */,
				DBC8DB541D6C39BB00115D0A /* NewsView.m in Sources */,
				DB53F70A1D4892F00065F49E /* NSNumber+Formatter.m in Sources */,
				DBA450CE1D2CEA91001ADEDC /* BaseViewController.m in Sources */,
				DB53F7241D48AF800065F49E /* YHInternationalControl.m in Sources */,
				DB160CAA1D9B6E5C004E11FA /* YHPhotoPickHighImageCell.m in Sources */,
				DB5DFB711D6AA1B70094C6B1 /* NetworkViewController.m in Sources */,
				DB44B54A1D3F5CE0000D98C5 /* YHDBSQLite.m in Sources */,
				DB3DA0BF1D34D2500016D137 /* UIView+Frame.m in Sources */,
				DB44B54D1D3F8371000D98C5 /* YHDBManager.m in Sources */,
				DB983F701D8FE7DD00677AAE /* YHPhotoManager.m in Sources */,
				DB53F7011D4889CF0065F49E /* NSObject+JsonAndDic.m in Sources */,
				DB4992281D91160900272AEB /* YHPhotoCollectionViewCell.m in Sources */,
				DBA450D41D2CEADD001ADEDC /* BaseService.m in Sources */,
				DB36C88B1D9A4E4E00451513 /* YHBottomView.m in Sources */,
				DB5DFB781D6AAAAC0094C6B1 /* DeviceInfoViewController.m in Sources */,
				DB5DFB871D6ADD670094C6B1 /* FileManagerViewController.m in Sources */,
				DB53F7041D488C990065F49E /* BaseTableViewCell.m in Sources */,
				DBC579221D87DE1500A6CF35 /* YHPageControl.m in Sources */,
				DB0243361D54290900E99FA8 /* YHNetWork.m in Sources */,
				DB3DA0BC1D34BC360016D137 /* YHDeviceTools.m in Sources */,
				DB5DFB5A1D6A936D0094C6B1 /* Person.m in Sources */,
				DB2191FC1D6D3A7B00AD48DB /* NewsViewController.m in Sources */,
				DBF2771D1D4C84BE00EDB2EB /* YHFileAction.m in Sources */,
				DBC5791E1D87A79700A6CF35 /* AdsViewController.m in Sources */,
				DBA450D11D2CEAAE001ADEDC /* BaseView.m in Sources */,
				DB2A88181D6EDC89006010C8 /* QRCodeCameraViewController.m in Sources */,
				DB36C8881D9927E000451513 /* YHAssets.m in Sources */,
				DB53F7071D488D290065F49E /* BaseCollectionViewCell.m in Sources */,
				DB5DFB591D6A936D0094C6B1 /* DownloadViewController.m in Sources */,
				DB2BF2961D8924A400C478C9 /* PhotoThrough.m in Sources */,
				DBBCA3E11D3E074B00ED7014 /* UIImage+ChangeSize.m in Sources */,
				DB36C8851D99227400451513 /* YHPreConstant.m in Sources */,
				DB2A88221D6EDCC0006010C8 /* QRCodeViewController.m in Sources */,
				DB2192001D6D843300AD48DB /* NewContentView.m in Sources */,
				DB5DFB5B1D6A936D0094C6B1 /* Son.m in Sources */,
				DB0243331D54268000E99FA8 /* NSString+Rect.m in Sources */,
				DBC579161D87996900A6CF35 /* YHPhotoPickController.m in Sources */,
				DB2A88191D6EDC89006010C8 /* QRCodeCreate.m in Sources */,
				DB2A881B1D6EDC89006010C8 /* QRCodeTools.m in Sources */,
				DB63FAC11D37811B000C06F5 /* YHCrashCatch.m in Sources */,
				DBA450B01D2CE5E8001ADEDC /* main.m in Sources */,
				DB378E251D5C21B900A375DA /* YHFileDownloadStore.m in Sources */,
				DB315B5E1D41FE9100069C87 /* YHDBYTKValueStore.m in Sources */,
			);
			runOnlyForDeploymentPostprocessing = 0;
		};
/* End PBXSourcesBuildPhase section */

/* Begin PBXVariantGroup section */
		DB5DFB601D6A93ED0094C6B1 /* Main.storyboard */ = {
			isa = PBXVariantGroup;
			children = (
				DB5DFB611D6A93ED0094C6B1 /* Base */,
			);
			name = Main.storyboard;
			sourceTree = "<group>";
		};
		DBA450BC1D2CE5E8001ADEDC /* LaunchScreen.storyboard */ = {
			isa = PBXVariantGroup;
			children = (
				DBA450BD1D2CE5E8001ADEDC /* Base */,
			);
			name = LaunchScreen.storyboard;
			sourceTree = "<group>";
		};
/* End PBXVariantGroup section */

/* Begin XCBuildConfiguration section */
		DBA450C01D2CE5E8001ADEDC /* Debug */ = {
			isa = XCBuildConfiguration;
			buildSettings = {
				ALWAYS_SEARCH_USER_PATHS = NO;
				CLANG_ANALYZER_NONNULL = YES;
				CLANG_CXX_LANGUAGE_STANDARD = "gnu++0x";
				CLANG_CXX_LIBRARY = "libc++";
				CLANG_ENABLE_MODULES = YES;
				CLANG_ENABLE_OBJC_ARC = YES;
				CLANG_WARN_BOOL_CONVERSION = YES;
				CLANG_WARN_CONSTANT_CONVERSION = YES;
				CLANG_WARN_DIRECT_OBJC_ISA_USAGE = YES_ERROR;
				CLANG_WARN_EMPTY_BODY = YES;
				CLANG_WARN_ENUM_CONVERSION = YES;
				CLANG_WARN_INT_CONVERSION = YES;
				CLANG_WARN_OBJC_ROOT_CLASS = YES_ERROR;
				CLANG_WARN_UNREACHABLE_CODE = YES;
				CLANG_WARN__DUPLICATE_METHOD_MATCH = YES;
				"CODE_SIGN_IDENTITY[sdk=iphoneos*]" = "iPhone Developer";
				COPY_PHASE_STRIP = NO;
				DEBUG_INFORMATION_FORMAT = dwarf;
				ENABLE_STRICT_OBJC_MSGSEND = YES;
				ENABLE_TESTABILITY = YES;
				GCC_C_LANGUAGE_STANDARD = gnu99;
				GCC_DYNAMIC_NO_PIC = NO;
				GCC_NO_COMMON_BLOCKS = YES;
				GCC_OPTIMIZATION_LEVEL = 0;
				GCC_PREPROCESSOR_DEFINITIONS = (
					"DEBUG=1",
					"$(inherited)",
				);
				GCC_WARN_64_TO_32_BIT_CONVERSION = YES;
				GCC_WARN_ABOUT_RETURN_TYPE = YES_ERROR;
				GCC_WARN_UNDECLARED_SELECTOR = YES;
				GCC_WARN_UNINITIALIZED_AUTOS = YES_AGGRESSIVE;
				GCC_WARN_UNUSED_FUNCTION = YES;
				GCC_WARN_UNUSED_VARIABLE = YES;
				IPHONEOS_DEPLOYMENT_TARGET = 9.3;
				MTL_ENABLE_DEBUG_INFO = YES;
				ONLY_ACTIVE_ARCH = YES;
				SDKROOT = iphoneos;
			};
			name = Debug;
		};
		DBA450C11D2CE5E8001ADEDC /* Release */ = {
			isa = XCBuildConfiguration;
			buildSettings = {
				ALWAYS_SEARCH_USER_PATHS = NO;
				CLANG_ANALYZER_NONNULL = YES;
				CLANG_CXX_LANGUAGE_STANDARD = "gnu++0x";
				CLANG_CXX_LIBRARY = "libc++";
				CLANG_ENABLE_MODULES = YES;
				CLANG_ENABLE_OBJC_ARC = YES;
				CLANG_WARN_BOOL_CONVERSION = YES;
				CLANG_WARN_CONSTANT_CONVERSION = YES;
				CLANG_WARN_DIRECT_OBJC_ISA_USAGE = YES_ERROR;
				CLANG_WARN_EMPTY_BODY = YES;
				CLANG_WARN_ENUM_CONVERSION = YES;
				CLANG_WARN_INT_CONVERSION = YES;
				CLANG_WARN_OBJC_ROOT_CLASS = YES_ERROR;
				CLANG_WARN_UNREACHABLE_CODE = YES;
				CLANG_WARN__DUPLICATE_METHOD_MATCH = YES;
				"CODE_SIGN_IDENTITY[sdk=iphoneos*]" = "iPhone Developer";
				COPY_PHASE_STRIP = NO;
				DEBUG_INFORMATION_FORMAT = "dwarf-with-dsym";
				ENABLE_NS_ASSERTIONS = NO;
				ENABLE_STRICT_OBJC_MSGSEND = YES;
				GCC_C_LANGUAGE_STANDARD = gnu99;
				GCC_NO_COMMON_BLOCKS = YES;
				GCC_WARN_64_TO_32_BIT_CONVERSION = YES;
				GCC_WARN_ABOUT_RETURN_TYPE = YES_ERROR;
				GCC_WARN_UNDECLARED_SELECTOR = YES;
				GCC_WARN_UNINITIALIZED_AUTOS = YES_AGGRESSIVE;
				GCC_WARN_UNUSED_FUNCTION = YES;
				GCC_WARN_UNUSED_VARIABLE = YES;
				IPHONEOS_DEPLOYMENT_TARGET = 9.3;
				MTL_ENABLE_DEBUG_INFO = NO;
				SDKROOT = iphoneos;
				VALIDATE_PRODUCT = YES;
			};
			name = Release;
		};
		DBA450C31D2CE5E8001ADEDC /* Debug */ = {
			isa = XCBuildConfiguration;
			baseConfigurationReference = DD0E1219D0BEF083B310C3CF /* Pods.debug.xcconfig */;
			buildSettings = {
				ASSETCATALOG_COMPILER_APPICON_NAME = AppIcon;
				INFOPLIST_FILE = YHDevelopFramework/Info.plist;
				IPHONEOS_DEPLOYMENT_TARGET = 8.0;
				LD_RUNPATH_SEARCH_PATHS = "$(inherited) @executable_path/Frameworks";
				PRODUCT_BUNDLE_IDENTIFIER = com.isoftstone.YHDevelopFramework;
				PRODUCT_NAME = "$(TARGET_NAME)";
			};
			name = Debug;
		};
		DBA450C41D2CE5E8001ADEDC /* Release */ = {
			isa = XCBuildConfiguration;
			baseConfigurationReference = 7C43B3DB5A87B567429D9E18 /* Pods.release.xcconfig */;
			buildSettings = {
				ASSETCATALOG_COMPILER_APPICON_NAME = AppIcon;
				INFOPLIST_FILE = YHDevelopFramework/Info.plist;
				IPHONEOS_DEPLOYMENT_TARGET = 8.0;
				LD_RUNPATH_SEARCH_PATHS = "$(inherited) @executable_path/Frameworks";
				PRODUCT_BUNDLE_IDENTIFIER = com.isoftstone.YHDevelopFramework;
				PRODUCT_NAME = "$(TARGET_NAME)";
			};
			name = Release;
		};
/* End XCBuildConfiguration section */

/* Begin XCConfigurationList section */
		DBA450A61D2CE5E8001ADEDC /* Build configuration list for PBXProject "YHDevelopFramework" */ = {
			isa = XCConfigurationList;
			buildConfigurations = (
				DBA450C01D2CE5E8001ADEDC /* Debug */,
				DBA450C11D2CE5E8001ADEDC /* Release */,
			);
			defaultConfigurationIsVisible = 0;
			defaultConfigurationName = Release;
		};
		DBA450C21D2CE5E8001ADEDC /* Build configuration list for PBXNativeTarget "YHDevelopFramework" */ = {
			isa = XCConfigurationList;
			buildConfigurations = (
				DBA450C31D2CE5E8001ADEDC /* Debug */,
				DBA450C41D2CE5E8001ADEDC /* Release */,
			);
			defaultConfigurationIsVisible = 0;
			defaultConfigurationName = Release;
		};
/* End XCConfigurationList section */
	};
	rootObject = DBA450A31D2CE5E8001ADEDC /* Project object */;
}
