// !$*UTF8*$!
{
	archiveVersion = 1;
	classes = {
	};
	objectVersion = 46;
	objects = {

/* Begin PBXBuildFile section */
		6BA7A0B108064810A864A538 /* libPods.a in Frameworks */ = {isa = PBXBuildFile; fileRef = 9628ACA354870A8FADE8F0D1 /* libPods.a */; };
		DB0243331D54268000E99FA8 /* NSString+Rect.m in Sources */ = {isa = PBXBuildFile; fileRef = DB0243321D54268000E99FA8 /* NSString+Rect.m */; };
		DB0243361D54290900E99FA8 /* YHNetWork.m in Sources */ = {isa = PBXBuildFile; fileRef = DB0243351D54290900E99FA8 /* YHNetWork.m */; };
		DB02433C1D54656C00E99FA8 /* YHReachability.m in Sources */ = {isa = PBXBuildFile; fileRef = DB02433B1D54656C00E99FA8 /* YHReachability.m */; };
		DB22B6061D40C5530009A973 /* Person.m in Sources */ = {isa = PBXBuildFile; fileRef = DB22B6051D40C5530009A973 /* Person.m */; };
		DB315B5E1D41FE9100069C87 /* YHDBYTKValueStore.m in Sources */ = {isa = PBXBuildFile; fileRef = DB315B5D1D41FE9100069C87 /* YHDBYTKValueStore.m */; };
		DB3DA0BC1D34BC360016D137 /* YHDeviceTools.m in Sources */ = {isa = PBXBuildFile; fileRef = DB3DA0BB1D34BC360016D137 /* YHDeviceTools.m */; };
		DB3DA0BF1D34D2500016D137 /* UIView+Frame.m in Sources */ = {isa = PBXBuildFile; fileRef = DB3DA0BE1D34D2500016D137 /* UIView+Frame.m */; };
		DB3DA0C21D34E0190016D137 /* YHLogger.m in Sources */ = {isa = PBXBuildFile; fileRef = DB3DA0C11D34E0190016D137 /* YHLogger.m */; };
		DB3DA0C51D34ECF30016D137 /* YHLogFormat.m in Sources */ = {isa = PBXBuildFile; fileRef = DB3DA0C41D34ECF30016D137 /* YHLogFormat.m */; };
		DB44B54A1D3F5CE0000D98C5 /* YHDBSQLite.m in Sources */ = {isa = PBXBuildFile; fileRef = DB44B5491D3F5CE0000D98C5 /* YHDBSQLite.m */; };
		DB44B54D1D3F8371000D98C5 /* YHDBManager.m in Sources */ = {isa = PBXBuildFile; fileRef = DB44B54C1D3F8371000D98C5 /* YHDBManager.m */; };
		DB53F7011D4889CF0065F49E /* NSObject+JsonAndDic.m in Sources */ = {isa = PBXBuildFile; fileRef = DB53F7001D4889CF0065F49E /* NSObject+JsonAndDic.m */; };
		DB53F7041D488C990065F49E /* BaseTableViewCell.m in Sources */ = {isa = PBXBuildFile; fileRef = DB53F7031D488C990065F49E /* BaseTableViewCell.m */; };
		DB53F7071D488D290065F49E /* BaseCollectionViewCell.m in Sources */ = {isa = PBXBuildFile; fileRef = DB53F7061D488D290065F49E /* BaseCollectionViewCell.m */; };
		DB53F70A1D4892F00065F49E /* NSNumber+Formatter.m in Sources */ = {isa = PBXBuildFile; fileRef = DB53F7091D4892F00065F49E /* NSNumber+Formatter.m */; };
		DB53F7101D4898160065F49E /* NSString+Secret.m in Sources */ = {isa = PBXBuildFile; fileRef = DB53F70F1D4898160065F49E /* NSString+Secret.m */; };
		DB53F7131D48A02D0065F49E /* RegularCheck.m in Sources */ = {isa = PBXBuildFile; fileRef = DB53F7121D48A02D0065F49E /* RegularCheck.m */; };
		DB53F7241D48AF800065F49E /* YHInternationalControl.m in Sources */ = {isa = PBXBuildFile; fileRef = DB53F7231D48AF800065F49E /* YHInternationalControl.m */; };
		DB63FAC11D37811B000C06F5 /* YHCrashCatch.m in Sources */ = {isa = PBXBuildFile; fileRef = DB63FAC01D37811B000C06F5 /* YHCrashCatch.m */; };
		DBA450B01D2CE5E8001ADEDC /* main.m in Sources */ = {isa = PBXBuildFile; fileRef = DBA450AF1D2CE5E8001ADEDC /* main.m */; };
		DBA450B31D2CE5E8001ADEDC /* AppDelegate.m in Sources */ = {isa = PBXBuildFile; fileRef = DBA450B21D2CE5E8001ADEDC /* AppDelegate.m */; };
		DBA450B61D2CE5E8001ADEDC /* ViewController.m in Sources */ = {isa = PBXBuildFile; fileRef = DBA450B51D2CE5E8001ADEDC /* ViewController.m */; };
		DBA450B91D2CE5E8001ADEDC /* Main.storyboard in Resources */ = {isa = PBXBuildFile; fileRef = DBA450B71D2CE5E8001ADEDC /* Main.storyboard */; };
		DBA450BB1D2CE5E8001ADEDC /* Assets.xcassets in Resources */ = {isa = PBXBuildFile; fileRef = DBA450BA1D2CE5E8001ADEDC /* Assets.xcassets */; };
		DBA450BE1D2CE5E8001ADEDC /* LaunchScreen.storyboard in Resources */ = {isa = PBXBuildFile; fileRef = DBA450BC1D2CE5E8001ADEDC /* LaunchScreen.storyboard */; };
		DBA450CE1D2CEA91001ADEDC /* BaseViewController.m in Sources */ = {isa = PBXBuildFile; fileRef = DBA450CD1D2CEA91001ADEDC /* BaseViewController.m */; };
		DBA450D11D2CEAAE001ADEDC /* BaseView.m in Sources */ = {isa = PBXBuildFile; fileRef = DBA450D01D2CEAAE001ADEDC /* BaseView.m */; };
		DBA450D41D2CEADD001ADEDC /* BaseService.m in Sources */ = {isa = PBXBuildFile; fileRef = DBA450D31D2CEADD001ADEDC /* BaseService.m */; };
		DBA450E61D2CEE2E001ADEDC /* readMe.strings in Resources */ = {isa = PBXBuildFile; fileRef = DBA450E51D2CEE2E001ADEDC /* readMe.strings */; };
		DBA450E91D2D0771001ADEDC /* NSDate+YHDateFormat.m in Sources */ = {isa = PBXBuildFile; fileRef = DBA450E81D2D0771001ADEDC /* NSDate+YHDateFormat.m */; };
		DBB862991D3CBF2000A5951F /* UIImageView+BorderChange.m in Sources */ = {isa = PBXBuildFile; fileRef = DBB862981D3CBF2000A5951F /* UIImageView+BorderChange.m */; };
		DBB8629D1D3CD60500A5951F /* Entity.m in Sources */ = {isa = PBXBuildFile; fileRef = DBB8629C1D3CD60500A5951F /* Entity.m */; };
		DBBCA3D71D3DD4F800ED7014 /* ViewController2.m in Sources */ = {isa = PBXBuildFile; fileRef = DBBCA3D61D3DD4F800ED7014 /* ViewController2.m */; };
		DBBCA3DE1D3DFC1300ED7014 /* YHList.plist in Resources */ = {isa = PBXBuildFile; fileRef = DBBCA3DD1D3DFC1300ED7014 /* YHList.plist */; };
		DBBCA3E11D3E074B00ED7014 /* UIImage+ChangeSize.m in Sources */ = {isa = PBXBuildFile; fileRef = DBBCA3E01D3E074B00ED7014 /* UIImage+ChangeSize.m */; };
		DBC66F4D1D4B2B21009666AF /* ZHCN_Language.strings in Resources */ = {isa = PBXBuildFile; fileRef = DBC66F4C1D4B2B21009666AF /* ZHCN_Language.strings */; };
		DBC66F4F1D4B2B44009666AF /* EN_Language.strings in Resources */ = {isa = PBXBuildFile; fileRef = DBC66F4E1D4B2B44009666AF /* EN_Language.strings */; };
		DBC66F521D4B382B009666AF /* ViewController3.m in Sources */ = {isa = PBXBuildFile; fileRef = DBC66F511D4B382B009666AF /* ViewController3.m */; };
		DBE835D81D587AAC00DABBBA /* testResources.strings in Resources */ = {isa = PBXBuildFile; fileRef = DBE835D71D587AAC00DABBBA /* testResources.strings */; };
		DBEAAC0F1D55D9A200A4E76A /* YHNetCache.m in Sources */ = {isa = PBXBuildFile; fileRef = DBEAAC0E1D55D9A200A4E76A /* YHNetCache.m */; };
		DBF277171D4C830100EDB2EB /* YHFileManager.m in Sources */ = {isa = PBXBuildFile; fileRef = DBF277161D4C830100EDB2EB /* YHFileManager.m */; };
		DBF2771A1D4C847800EDB2EB /* YHFileCompress.m in Sources */ = {isa = PBXBuildFile; fileRef = DBF277191D4C847800EDB2EB /* YHFileCompress.m */; };
		DBF2771D1D4C84BE00EDB2EB /* YHFileAction.m in Sources */ = {isa = PBXBuildFile; fileRef = DBF2771C1D4C84BE00EDB2EB /* YHFileAction.m */; };
/* End PBXBuildFile section */

/* Begin PBXFileReference section */
		7C43B3DB5A87B567429D9E18 /* Pods.release.xcconfig */ = {isa = PBXFileReference; includeInIndex = 1; lastKnownFileType = text.xcconfig; name = Pods.release.xcconfig; path = "Pods/Target Support Files/Pods/Pods.release.xcconfig"; sourceTree = "<group>"; };
		9628ACA354870A8FADE8F0D1 /* libPods.a */ = {isa = PBXFileReference; explicitFileType = archive.ar; includeInIndex = 0; path = libPods.a; sourceTree = BUILT_PRODUCTS_DIR; };
		DB0243311D54268000E99FA8 /* NSString+Rect.h */ = {isa = PBXFileReference; fileEncoding = 4; lastKnownFileType = sourcecode.c.h; path = "NSString+Rect.h"; sourceTree = "<group>"; };
		DB0243321D54268000E99FA8 /* NSString+Rect.m */ = {isa = PBXFileReference; fileEncoding = 4; lastKnownFileType = sourcecode.c.objc; path = "NSString+Rect.m"; sourceTree = "<group>"; };
		DB0243341D54290900E99FA8 /* YHNetWork.h */ = {isa = PBXFileReference; fileEncoding = 4; lastKnownFileType = sourcecode.c.h; path = YHNetWork.h; sourceTree = "<group>"; };
		DB0243351D54290900E99FA8 /* YHNetWork.m */ = {isa = PBXFileReference; fileEncoding = 4; lastKnownFileType = sourcecode.c.objc; path = YHNetWork.m; sourceTree = "<group>"; };
		DB02433A1D54656C00E99FA8 /* YHReachability.h */ = {isa = PBXFileReference; fileEncoding = 4; lastKnownFileType = sourcecode.c.h; path = YHReachability.h; sourceTree = "<group>"; };
		DB02433B1D54656C00E99FA8 /* YHReachability.m */ = {isa = PBXFileReference; fileEncoding = 4; lastKnownFileType = sourcecode.c.objc; path = YHReachability.m; sourceTree = "<group>"; };
		DB22B6041D40C5520009A973 /* Person.h */ = {isa = PBXFileReference; fileEncoding = 4; lastKnownFileType = sourcecode.c.h; path = Person.h; sourceTree = "<group>"; };
		DB22B6051D40C5530009A973 /* Person.m */ = {isa = PBXFileReference; fileEncoding = 4; lastKnownFileType = sourcecode.c.objc; path = Person.m; sourceTree = "<group>"; };
		DB315B5C1D41FE9100069C87 /* YHDBYTKValueStore.h */ = {isa = PBXFileReference; fileEncoding = 4; lastKnownFileType = sourcecode.c.h; path = YHDBYTKValueStore.h; sourceTree = "<group>"; };
		DB315B5D1D41FE9100069C87 /* YHDBYTKValueStore.m */ = {isa = PBXFileReference; fileEncoding = 4; lastKnownFileType = sourcecode.c.objc; path = YHDBYTKValueStore.m; sourceTree = "<group>"; };
		DB3DA0BA1D34BC360016D137 /* YHDeviceTools.h */ = {isa = PBXFileReference; fileEncoding = 4; lastKnownFileType = sourcecode.c.h; path = YHDeviceTools.h; sourceTree = "<group>"; };
		DB3DA0BB1D34BC360016D137 /* YHDeviceTools.m */ = {isa = PBXFileReference; fileEncoding = 4; lastKnownFileType = sourcecode.c.objc; path = YHDeviceTools.m; sourceTree = "<group>"; };
		DB3DA0BD1D34D2500016D137 /* UIView+Frame.h */ = {isa = PBXFileReference; fileEncoding = 4; lastKnownFileType = sourcecode.c.h; path = "UIView+Frame.h"; sourceTree = "<group>"; };
		DB3DA0BE1D34D2500016D137 /* UIView+Frame.m */ = {isa = PBXFileReference; fileEncoding = 4; lastKnownFileType = sourcecode.c.objc; path = "UIView+Frame.m"; sourceTree = "<group>"; };
		DB3DA0C01D34E0190016D137 /* YHLogger.h */ = {isa = PBXFileReference; fileEncoding = 4; lastKnownFileType = sourcecode.c.h; path = YHLogger.h; sourceTree = "<group>"; };
		DB3DA0C11D34E0190016D137 /* YHLogger.m */ = {isa = PBXFileReference; fileEncoding = 4; lastKnownFileType = sourcecode.c.objc; path = YHLogger.m; sourceTree = "<group>"; };
		DB3DA0C31D34ECF30016D137 /* YHLogFormat.h */ = {isa = PBXFileReference; fileEncoding = 4; lastKnownFileType = sourcecode.c.h; path = YHLogFormat.h; sourceTree = "<group>"; };
		DB3DA0C41D34ECF30016D137 /* YHLogFormat.m */ = {isa = PBXFileReference; fileEncoding = 4; lastKnownFileType = sourcecode.c.objc; path = YHLogFormat.m; sourceTree = "<group>"; };
		DB44B5481D3F5CE0000D98C5 /* YHDBSQLite.h */ = {isa = PBXFileReference; fileEncoding = 4; lastKnownFileType = sourcecode.c.h; path = YHDBSQLite.h; sourceTree = "<group>"; };
		DB44B5491D3F5CE0000D98C5 /* YHDBSQLite.m */ = {isa = PBXFileReference; fileEncoding = 4; lastKnownFileType = sourcecode.c.objc; path = YHDBSQLite.m; sourceTree = "<group>"; };
		DB44B54B1D3F8371000D98C5 /* YHDBManager.h */ = {isa = PBXFileReference; fileEncoding = 4; lastKnownFileType = sourcecode.c.h; path = YHDBManager.h; sourceTree = "<group>"; };
		DB44B54C1D3F8371000D98C5 /* YHDBManager.m */ = {isa = PBXFileReference; fileEncoding = 4; lastKnownFileType = sourcecode.c.objc; path = YHDBManager.m; sourceTree = "<group>"; };
		DB53F6FF1D4889CF0065F49E /* NSObject+JsonAndDic.h */ = {isa = PBXFileReference; fileEncoding = 4; lastKnownFileType = sourcecode.c.h; path = "NSObject+JsonAndDic.h"; sourceTree = "<group>"; };
		DB53F7001D4889CF0065F49E /* NSObject+JsonAndDic.m */ = {isa = PBXFileReference; fileEncoding = 4; lastKnownFileType = sourcecode.c.objc; path = "NSObject+JsonAndDic.m"; sourceTree = "<group>"; };
		DB53F7021D488C990065F49E /* BaseTableViewCell.h */ = {isa = PBXFileReference; fileEncoding = 4; lastKnownFileType = sourcecode.c.h; path = BaseTableViewCell.h; sourceTree = "<group>"; };
		DB53F7031D488C990065F49E /* BaseTableViewCell.m */ = {isa = PBXFileReference; fileEncoding = 4; lastKnownFileType = sourcecode.c.objc; path = BaseTableViewCell.m; sourceTree = "<group>"; };
		DB53F7051D488D290065F49E /* BaseCollectionViewCell.h */ = {isa = PBXFileReference; fileEncoding = 4; lastKnownFileType = sourcecode.c.h; path = BaseCollectionViewCell.h; sourceTree = "<group>"; };
		DB53F7061D488D290065F49E /* BaseCollectionViewCell.m */ = {isa = PBXFileReference; fileEncoding = 4; lastKnownFileType = sourcecode.c.objc; path = BaseCollectionViewCell.m; sourceTree = "<group>"; };
		DB53F7081D4892F00065F49E /* NSNumber+Formatter.h */ = {isa = PBXFileReference; fileEncoding = 4; lastKnownFileType = sourcecode.c.h; path = "NSNumber+Formatter.h"; sourceTree = "<group>"; };
		DB53F7091D4892F00065F49E /* NSNumber+Formatter.m */ = {isa = PBXFileReference; fileEncoding = 4; lastKnownFileType = sourcecode.c.objc; path = "NSNumber+Formatter.m"; sourceTree = "<group>"; };
		DB53F70E1D4898160065F49E /* NSString+Secret.h */ = {isa = PBXFileReference; fileEncoding = 4; lastKnownFileType = sourcecode.c.h; path = "NSString+Secret.h"; sourceTree = "<group>"; };
		DB53F70F1D4898160065F49E /* NSString+Secret.m */ = {isa = PBXFileReference; fileEncoding = 4; lastKnownFileType = sourcecode.c.objc; path = "NSString+Secret.m"; sourceTree = "<group>"; };
		DB53F7111D48A02D0065F49E /* RegularCheck.h */ = {isa = PBXFileReference; fileEncoding = 4; lastKnownFileType = sourcecode.c.h; path = RegularCheck.h; sourceTree = "<group>"; };
		DB53F7121D48A02D0065F49E /* RegularCheck.m */ = {isa = PBXFileReference; fileEncoding = 4; lastKnownFileType = sourcecode.c.objc; path = RegularCheck.m; sourceTree = "<group>"; };
		DB53F7221D48AF800065F49E /* YHInternationalControl.h */ = {isa = PBXFileReference; fileEncoding = 4; lastKnownFileType = sourcecode.c.h; path = YHInternationalControl.h; sourceTree = "<group>"; };
		DB53F7231D48AF800065F49E /* YHInternationalControl.m */ = {isa = PBXFileReference; fileEncoding = 4; lastKnownFileType = sourcecode.c.objc; path = YHInternationalControl.m; sourceTree = "<group>"; };
		DB63FABF1D37811B000C06F5 /* YHCrashCatch.h */ = {isa = PBXFileReference; fileEncoding = 4; lastKnownFileType = sourcecode.c.h; path = YHCrashCatch.h; sourceTree = "<group>"; };
		DB63FAC01D37811B000C06F5 /* YHCrashCatch.m */ = {isa = PBXFileReference; fileEncoding = 4; lastKnownFileType = sourcecode.c.objc; path = YHCrashCatch.m; sourceTree = "<group>"; };
		DBA450AB1D2CE5E8001ADEDC /* YHDevelopFramework.app */ = {isa = PBXFileReference; explicitFileType = wrapper.application; includeInIndex = 0; path = YHDevelopFramework.app; sourceTree = BUILT_PRODUCTS_DIR; };
		DBA450AF1D2CE5E8001ADEDC /* main.m */ = {isa = PBXFileReference; lastKnownFileType = sourcecode.c.objc; path = main.m; sourceTree = "<group>"; };
		DBA450B11D2CE5E8001ADEDC /* AppDelegate.h */ = {isa = PBXFileReference; lastKnownFileType = sourcecode.c.h; path = AppDelegate.h; sourceTree = "<group>"; };
		DBA450B21D2CE5E8001ADEDC /* AppDelegate.m */ = {isa = PBXFileReference; lastKnownFileType = sourcecode.c.objc; path = AppDelegate.m; sourceTree = "<group>"; };
		DBA450B41D2CE5E8001ADEDC /* ViewController.h */ = {isa = PBXFileReference; lastKnownFileType = sourcecode.c.h; path = ViewController.h; sourceTree = "<group>"; };
		DBA450B51D2CE5E8001ADEDC /* ViewController.m */ = {isa = PBXFileReference; lastKnownFileType = sourcecode.c.objc; path = ViewController.m; sourceTree = "<group>"; };
		DBA450B81D2CE5E8001ADEDC /* Base */ = {isa = PBXFileReference; lastKnownFileType = file.storyboard; name = Base; path = Base.lproj/Main.storyboard; sourceTree = "<group>"; };
		DBA450BA1D2CE5E8001ADEDC /* Assets.xcassets */ = {isa = PBXFileReference; lastKnownFileType = folder.assetcatalog; name = Assets.xcassets; path = ../../Assets.xcassets; sourceTree = "<group>"; };
		DBA450BD1D2CE5E8001ADEDC /* Base */ = {isa = PBXFileReference; lastKnownFileType = file.storyboard; name = Base; path = Base.lproj/LaunchScreen.storyboard; sourceTree = "<group>"; };
		DBA450BF1D2CE5E8001ADEDC /* Info.plist */ = {isa = PBXFileReference; lastKnownFileType = text.plist.xml; name = Info.plist; path = ../../Info.plist; sourceTree = "<group>"; };
		DBA450CC1D2CEA91001ADEDC /* BaseViewController.h */ = {isa = PBXFileReference; fileEncoding = 4; lastKnownFileType = sourcecode.c.h; path = BaseViewController.h; sourceTree = "<group>"; };
		DBA450CD1D2CEA91001ADEDC /* BaseViewController.m */ = {isa = PBXFileReference; fileEncoding = 4; lastKnownFileType = sourcecode.c.objc; path = BaseViewController.m; sourceTree = "<group>"; };
		DBA450CF1D2CEAAE001ADEDC /* BaseView.h */ = {isa = PBXFileReference; fileEncoding = 4; lastKnownFileType = sourcecode.c.h; path = BaseView.h; sourceTree = "<group>"; };
		DBA450D01D2CEAAE001ADEDC /* BaseView.m */ = {isa = PBXFileReference; fileEncoding = 4; lastKnownFileType = sourcecode.c.objc; path = BaseView.m; sourceTree = "<group>"; };
		DBA450D21D2CEADD001ADEDC /* BaseService.h */ = {isa = PBXFileReference; fileEncoding = 4; lastKnownFileType = sourcecode.c.h; path = BaseService.h; sourceTree = "<group>"; };
		DBA450D31D2CEADD001ADEDC /* BaseService.m */ = {isa = PBXFileReference; fileEncoding = 4; lastKnownFileType = sourcecode.c.objc; path = BaseService.m; sourceTree = "<group>"; };
		DBA450E51D2CEE2E001ADEDC /* readMe.strings */ = {isa = PBXFileReference; fileEncoding = 4; lastKnownFileType = text.plist.strings; path = readMe.strings; sourceTree = "<group>"; };
		DBA450E71D2D0771001ADEDC /* NSDate+YHDateFormat.h */ = {isa = PBXFileReference; fileEncoding = 4; lastKnownFileType = sourcecode.c.h; path = "NSDate+YHDateFormat.h"; sourceTree = "<group>"; };
		DBA450E81D2D0771001ADEDC /* NSDate+YHDateFormat.m */ = {isa = PBXFileReference; fileEncoding = 4; lastKnownFileType = sourcecode.c.objc; path = "NSDate+YHDateFormat.m"; sourceTree = "<group>"; };
		DBB862971D3CBF2000A5951F /* UIImageView+BorderChange.h */ = {isa = PBXFileReference; fileEncoding = 4; lastKnownFileType = sourcecode.c.h; path = "UIImageView+BorderChange.h"; sourceTree = "<group>"; };
		DBB862981D3CBF2000A5951F /* UIImageView+BorderChange.m */ = {isa = PBXFileReference; fileEncoding = 4; lastKnownFileType = sourcecode.c.objc; path = "UIImageView+BorderChange.m"; sourceTree = "<group>"; };
		DBB8629B1D3CD60500A5951F /* Entity.h */ = {isa = PBXFileReference; fileEncoding = 4; lastKnownFileType = sourcecode.c.h; path = Entity.h; sourceTree = "<group>"; };
		DBB8629C1D3CD60500A5951F /* Entity.m */ = {isa = PBXFileReference; fileEncoding = 4; lastKnownFileType = sourcecode.c.objc; path = Entity.m; sourceTree = "<group>"; };
		DBBCA3D51D3DD4F800ED7014 /* ViewController2.h */ = {isa = PBXFileReference; fileEncoding = 4; lastKnownFileType = sourcecode.c.h; path = ViewController2.h; sourceTree = "<group>"; };
		DBBCA3D61D3DD4F800ED7014 /* ViewController2.m */ = {isa = PBXFileReference; fileEncoding = 4; lastKnownFileType = sourcecode.c.objc; path = ViewController2.m; sourceTree = "<group>"; };
		DBBCA3DA1D3DF9D400ED7014 /* YHTools.h */ = {isa = PBXFileReference; lastKnownFileType = sourcecode.c.h; path = YHTools.h; sourceTree = "<group>"; };
		DBBCA3DD1D3DFC1300ED7014 /* YHList.plist */ = {isa = PBXFileReference; fileEncoding = 4; lastKnownFileType = text.plist.xml; path = YHList.plist; sourceTree = "<group>"; };
		DBBCA3DF1D3E074B00ED7014 /* UIImage+ChangeSize.h */ = {isa = PBXFileReference; fileEncoding = 4; lastKnownFileType = sourcecode.c.h; path = "UIImage+ChangeSize.h"; sourceTree = "<group>"; };
		DBBCA3E01D3E074B00ED7014 /* UIImage+ChangeSize.m */ = {isa = PBXFileReference; fileEncoding = 4; lastKnownFileType = sourcecode.c.objc; path = "UIImage+ChangeSize.m"; sourceTree = "<group>"; };
		DBC66F4C1D4B2B21009666AF /* ZHCN_Language.strings */ = {isa = PBXFileReference; fileEncoding = 4; lastKnownFileType = text.plist.strings; path = ZHCN_Language.strings; sourceTree = "<group>"; };
		DBC66F4E1D4B2B44009666AF /* EN_Language.strings */ = {isa = PBXFileReference; fileEncoding = 4; lastKnownFileType = text.plist.strings; path = EN_Language.strings; sourceTree = "<group>"; };
		DBC66F501D4B382B009666AF /* ViewController3.h */ = {isa = PBXFileReference; fileEncoding = 4; lastKnownFileType = sourcecode.c.h; path = ViewController3.h; sourceTree = "<group>"; };
		DBC66F511D4B382B009666AF /* ViewController3.m */ = {isa = PBXFileReference; fileEncoding = 4; lastKnownFileType = sourcecode.c.objc; path = ViewController3.m; sourceTree = "<group>"; };
		DBE835D71D587AAC00DABBBA /* testResources.strings */ = {isa = PBXFileReference; fileEncoding = 4; lastKnownFileType = text.plist.strings; path = testResources.strings; sourceTree = "<group>"; };
		DBEAAC0D1D55D9A200A4E76A /* YHNetCache.h */ = {isa = PBXFileReference; fileEncoding = 4; lastKnownFileType = sourcecode.c.h; path = YHNetCache.h; sourceTree = "<group>"; };
		DBEAAC0E1D55D9A200A4E76A /* YHNetCache.m */ = {isa = PBXFileReference; fileEncoding = 4; lastKnownFileType = sourcecode.c.objc; path = YHNetCache.m; sourceTree = "<group>"; };
		DBF277151D4C830100EDB2EB /* YHFileManager.h */ = {isa = PBXFileReference; fileEncoding = 4; lastKnownFileType = sourcecode.c.h; path = YHFileManager.h; sourceTree = "<group>"; };
		DBF277161D4C830100EDB2EB /* YHFileManager.m */ = {isa = PBXFileReference; fileEncoding = 4; lastKnownFileType = sourcecode.c.objc; path = YHFileManager.m; sourceTree = "<group>"; };
		DBF277181D4C847800EDB2EB /* YHFileCompress.h */ = {isa = PBXFileReference; fileEncoding = 4; lastKnownFileType = sourcecode.c.h; path = YHFileCompress.h; sourceTree = "<group>"; };
		DBF277191D4C847800EDB2EB /* YHFileCompress.m */ = {isa = PBXFileReference; fileEncoding = 4; lastKnownFileType = sourcecode.c.objc; path = YHFileCompress.m; sourceTree = "<group>"; };
		DBF2771B1D4C84BE00EDB2EB /* YHFileAction.h */ = {isa = PBXFileReference; fileEncoding = 4; lastKnownFileType = sourcecode.c.h; path = YHFileAction.h; sourceTree = "<group>"; };
		DBF2771C1D4C84BE00EDB2EB /* YHFileAction.m */ = {isa = PBXFileReference; fileEncoding = 4; lastKnownFileType = sourcecode.c.objc; path = YHFileAction.m; sourceTree = "<group>"; };
		DD0E1219D0BEF083B310C3CF /* Pods.debug.xcconfig */ = {isa = PBXFileReference; includeInIndex = 1; lastKnownFileType = text.xcconfig; name = Pods.debug.xcconfig; path = "Pods/Target Support Files/Pods/Pods.debug.xcconfig"; sourceTree = "<group>"; };
/* End PBXFileReference section */

/* Begin PBXFrameworksBuildPhase section */
		DBA450A81D2CE5E8001ADEDC /* Frameworks */ = {
			isa = PBXFrameworksBuildPhase;
			buildActionMask = 2147483647;
			files = (
				6BA7A0B108064810A864A538 /* libPods.a in Frameworks */,
			);
			runOnlyForDeploymentPostprocessing = 0;
		};
/* End PBXFrameworksBuildPhase section */

/* Begin PBXGroup section */
		67F47FC7BD307829EAE84E50 /* Frameworks */ = {
			isa = PBXGroup;
			children = (
				9628ACA354870A8FADE8F0D1 /* libPods.a */,
			);
			name = Frameworks;
			sourceTree = "<group>";
		};
		DA33F166ABCBF4624B8BE2E8 /* Pods */ = {
			isa = PBXGroup;
			children = (
				DD0E1219D0BEF083B310C3CF /* Pods.debug.xcconfig */,
				7C43B3DB5A87B567429D9E18 /* Pods.release.xcconfig */,
			);
			name = Pods;
			sourceTree = "<group>";
		};
		DB3DA0B91D34BBC40016D137 /* tools */ = {
			isa = PBXGroup;
			children = (
				DB3DA0BA1D34BC360016D137 /* YHDeviceTools.h */,
				DB3DA0BB1D34BC360016D137 /* YHDeviceTools.m */,
				DBBCA3DA1D3DF9D400ED7014 /* YHTools.h */,
				DB53F7111D48A02D0065F49E /* RegularCheck.h */,
				DB53F7121D48A02D0065F49E /* RegularCheck.m */,
			);
			path = tools;
			sourceTree = "<group>";
		};
		DBA450A21D2CE5E8001ADEDC = {
			isa = PBXGroup;
			children = (
				DBA450AD1D2CE5E8001ADEDC /* YHDevelopFramework */,
				DBA450AC1D2CE5E8001ADEDC /* Products */,
				DA33F166ABCBF4624B8BE2E8 /* Pods */,
				67F47FC7BD307829EAE84E50 /* Frameworks */,
			);
			sourceTree = "<group>";
		};
		DBA450AC1D2CE5E8001ADEDC /* Products */ = {
			isa = PBXGroup;
			children = (
				DBA450AB1D2CE5E8001ADEDC /* YHDevelopFramework.app */,
			);
			name = Products;
			sourceTree = "<group>";
		};
		DBA450AD1D2CE5E8001ADEDC /* YHDevelopFramework */ = {
			isa = PBXGroup;
			children = (
				DBA450DB1D2CECBD001ADEDC /* Classes */,
				DBA450C51D2CE874001ADEDC /* framework */,
				DBA450B11D2CE5E8001ADEDC /* AppDelegate.h */,
				DBA450B21D2CE5E8001ADEDC /* AppDelegate.m */,
				DBA450AE1D2CE5E8001ADEDC /* Supporting Files */,
			);
			path = YHDevelopFramework;
			sourceTree = "<group>";
		};
		DBA450AE1D2CE5E8001ADEDC /* Supporting Files */ = {
			isa = PBXGroup;
			children = (
				DBA450B41D2CE5E8001ADEDC /* ViewController.h */,
				DBA450B51D2CE5E8001ADEDC /* ViewController.m */,
				DBA450B71D2CE5E8001ADEDC /* Main.storyboard */,
				DBA450BC1D2CE5E8001ADEDC /* LaunchScreen.storyboard */,
				DBA450AF1D2CE5E8001ADEDC /* main.m */,
				DBBCA3D51D3DD4F800ED7014 /* ViewController2.h */,
				DBBCA3D61D3DD4F800ED7014 /* ViewController2.m */,
				DB22B6041D40C5520009A973 /* Person.h */,
				DB22B6051D40C5530009A973 /* Person.m */,
				DBC66F501D4B382B009666AF /* ViewController3.h */,
				DBC66F511D4B382B009666AF /* ViewController3.m */,
				DBE835D71D587AAC00DABBBA /* testResources.strings */,
			);
			name = "Supporting Files";
			sourceTree = "<group>";
		};
		DBA450C51D2CE874001ADEDC /* framework */ = {
			isa = PBXGroup;
			children = (
				DB3DA0B91D34BBC40016D137 /* tools */,
				DBA450C81D2CE9B6001ADEDC /* Category */,
				DBA450C71D2CE975001ADEDC /* Component */,
				DBA450C61D2CE95A001ADEDC /* BaseObject */,
			);
			path = framework;
			sourceTree = "<group>";
		};
		DBA450C61D2CE95A001ADEDC /* BaseObject */ = {
			isa = PBXGroup;
			children = (
				DBB8629A1D3CD5EE00A5951F /* model */,
				DBA450CB1D2CEA6B001ADEDC /* service */,
				DBA450CA1D2CEA5B001ADEDC /* view */,
				DBA450C91D2CEA49001ADEDC /* controller */,
			);
			path = BaseObject;
			sourceTree = "<group>";
		};
		DBA450C71D2CE975001ADEDC /* Component */ = {
			isa = PBXGroup;
			children = (
				DBC66F531D4B5179009666AF /* fileComponent */,
				DBA450D81D2CEC1B001ADEDC /* DBComponent */,
				DBA450D71D2CEB5F001ADEDC /* logComponent */,
				DBA450D61D2CEB3B001ADEDC /* languageComponent */,
				DBA450D51D2CEB13001ADEDC /* httpComponent */,
			);
			path = Component;
			sourceTree = "<group>";
		};
		DBA450C81D2CE9B6001ADEDC /* Category */ = {
			isa = PBXGroup;
			children = (
				DBA450DA1D2CEC6B001ADEDC /* foundationCategory */,
				DBA450D91D2CEC4E001ADEDC /* kitCategory */,
			);
			path = Category;
			sourceTree = "<group>";
		};
		DBA450C91D2CEA49001ADEDC /* controller */ = {
			isa = PBXGroup;
			children = (
				DBA450CC1D2CEA91001ADEDC /* BaseViewController.h */,
				DBA450CD1D2CEA91001ADEDC /* BaseViewController.m */,
			);
			path = controller;
			sourceTree = "<group>";
		};
		DBA450CA1D2CEA5B001ADEDC /* view */ = {
			isa = PBXGroup;
			children = (
				DBA450CF1D2CEAAE001ADEDC /* BaseView.h */,
				DBA450D01D2CEAAE001ADEDC /* BaseView.m */,
				DB53F7021D488C990065F49E /* BaseTableViewCell.h */,
				DB53F7031D488C990065F49E /* BaseTableViewCell.m */,
				DB53F7051D488D290065F49E /* BaseCollectionViewCell.h */,
				DB53F7061D488D290065F49E /* BaseCollectionViewCell.m */,
			);
			path = view;
			sourceTree = "<group>";
		};
		DBA450CB1D2CEA6B001ADEDC /* service */ = {
			isa = PBXGroup;
			children = (
				DBA450D21D2CEADD001ADEDC /* BaseService.h */,
				DBA450D31D2CEADD001ADEDC /* BaseService.m */,
			);
			path = service;
			sourceTree = "<group>";
		};
		DBA450D51D2CEB13001ADEDC /* httpComponent */ = {
			isa = PBXGroup;
			children = (
				DB0243341D54290900E99FA8 /* YHNetWork.h */,
				DB0243351D54290900E99FA8 /* YHNetWork.m */,
				DB02433A1D54656C00E99FA8 /* YHReachability.h */,
				DB02433B1D54656C00E99FA8 /* YHReachability.m */,
				DBEAAC0D1D55D9A200A4E76A /* YHNetCache.h */,
				DBEAAC0E1D55D9A200A4E76A /* YHNetCache.m */,
			);
			path = httpComponent;
			sourceTree = "<group>";
		};
		DBA450D61D2CEB3B001ADEDC /* languageComponent */ = {
			isa = PBXGroup;
			children = (
				DB53F7221D48AF800065F49E /* YHInternationalControl.h */,
				DB53F7231D48AF800065F49E /* YHInternationalControl.m */,
			);
			path = languageComponent;
			sourceTree = "<group>";
		};
		DBA450D71D2CEB5F001ADEDC /* logComponent */ = {
			isa = PBXGroup;
			children = (
				DB3DA0C01D34E0190016D137 /* YHLogger.h */,
				DB3DA0C11D34E0190016D137 /* YHLogger.m */,
				DB3DA0C31D34ECF30016D137 /* YHLogFormat.h */,
				DB3DA0C41D34ECF30016D137 /* YHLogFormat.m */,
				DB63FABF1D37811B000C06F5 /* YHCrashCatch.h */,
				DB63FAC01D37811B000C06F5 /* YHCrashCatch.m */,
			);
			path = logComponent;
			sourceTree = "<group>";
		};
		DBA450D81D2CEC1B001ADEDC /* DBComponent */ = {
			isa = PBXGroup;
			children = (
				DB44B5481D3F5CE0000D98C5 /* YHDBSQLite.h */,
				DB44B5491D3F5CE0000D98C5 /* YHDBSQLite.m */,
				DB44B54B1D3F8371000D98C5 /* YHDBManager.h */,
				DB44B54C1D3F8371000D98C5 /* YHDBManager.m */,
				DB315B5C1D41FE9100069C87 /* YHDBYTKValueStore.h */,
				DB315B5D1D41FE9100069C87 /* YHDBYTKValueStore.m */,
			);
			path = DBComponent;
			sourceTree = "<group>";
		};
		DBA450D91D2CEC4E001ADEDC /* kitCategory */ = {
			isa = PBXGroup;
			children = (
				DB3DA0BD1D34D2500016D137 /* UIView+Frame.h */,
				DB3DA0BE1D34D2500016D137 /* UIView+Frame.m */,
				DBB862971D3CBF2000A5951F /* UIImageView+BorderChange.h */,
				DBB862981D3CBF2000A5951F /* UIImageView+BorderChange.m */,
				DBBCA3DF1D3E074B00ED7014 /* UIImage+ChangeSize.h */,
				DBBCA3E01D3E074B00ED7014 /* UIImage+ChangeSize.m */,
			);
			path = kitCategory;
			sourceTree = "<group>";
		};
		DBA450DA1D2CEC6B001ADEDC /* foundationCategory */ = {
			isa = PBXGroup;
			children = (
				DBA450E71D2D0771001ADEDC /* NSDate+YHDateFormat.h */,
				DBA450E81D2D0771001ADEDC /* NSDate+YHDateFormat.m */,
				DB53F6FF1D4889CF0065F49E /* NSObject+JsonAndDic.h */,
				DB53F7001D4889CF0065F49E /* NSObject+JsonAndDic.m */,
				DB53F7081D4892F00065F49E /* NSNumber+Formatter.h */,
				DB53F7091D4892F00065F49E /* NSNumber+Formatter.m */,
				DB53F70E1D4898160065F49E /* NSString+Secret.h */,
				DB53F70F1D4898160065F49E /* NSString+Secret.m */,
				DB0243311D54268000E99FA8 /* NSString+Rect.h */,
				DB0243321D54268000E99FA8 /* NSString+Rect.m */,
			);
			path = foundationCategory;
			sourceTree = "<group>";
		};
		DBA450DB1D2CECBD001ADEDC /* Classes */ = {
			isa = PBXGroup;
			children = (
				DBA450DE1D2CED1D001ADEDC /* deploy */,
				DBA450DD1D2CECF5001ADEDC /* Sources */,
				DBA450DC1D2CECD3001ADEDC /* Modules */,
				DBA450E51D2CEE2E001ADEDC /* readMe.strings */,
			);
			path = Classes;
			sourceTree = "<group>";
		};
		DBA450DC1D2CECD3001ADEDC /* Modules */ = {
			isa = PBXGroup;
			children = (
			);
			path = Modules;
			sourceTree = "<group>";
		};
		DBA450DD1D2CECF5001ADEDC /* Sources */ = {
			isa = PBXGroup;
			children = (
				DBA450BA1D2CE5E8001ADEDC /* Assets.xcassets */,
				DBC66F4C1D4B2B21009666AF /* ZHCN_Language.strings */,
				DBC66F4E1D4B2B44009666AF /* EN_Language.strings */,
			);
			path = Sources;
			sourceTree = "<group>";
		};
		DBA450DE1D2CED1D001ADEDC /* deploy */ = {
			isa = PBXGroup;
			children = (
				DBA450BF1D2CE5E8001ADEDC /* Info.plist */,
				DBBCA3DD1D3DFC1300ED7014 /* YHList.plist */,
			);
			path = deploy;
			sourceTree = "<group>";
		};
		DBB8629A1D3CD5EE00A5951F /* model */ = {
			isa = PBXGroup;
			children = (
				DBB8629B1D3CD60500A5951F /* Entity.h */,
				DBB8629C1D3CD60500A5951F /* Entity.m */,
			);
			path = model;
			sourceTree = "<group>";
		};
		DBC66F531D4B5179009666AF /* fileComponent */ = {
			isa = PBXGroup;
			children = (
				DBF277151D4C830100EDB2EB /* YHFileManager.h */,
				DBF277161D4C830100EDB2EB /* YHFileManager.m */,
				DBF277181D4C847800EDB2EB /* YHFileCompress.h */,
				DBF277191D4C847800EDB2EB /* YHFileCompress.m */,
				DBF2771B1D4C84BE00EDB2EB /* YHFileAction.h */,
				DBF2771C1D4C84BE00EDB2EB /* YHFileAction.m */,
			);
			path = fileComponent;
			sourceTree = "<group>";
		};
/* End PBXGroup section */

/* Begin PBXNativeTarget section */
		DBA450AA1D2CE5E8001ADEDC /* YHDevelopFramework */ = {
			isa = PBXNativeTarget;
			buildConfigurationList = DBA450C21D2CE5E8001ADEDC /* Build configuration list for PBXNativeTarget "YHDevelopFramework" */;
			buildPhases = (
				0142974F8163472AE14F05E0 /* Check Pods Manifest.lock */,
				DBA450A71D2CE5E8001ADEDC /* Sources */,
				DBA450A81D2CE5E8001ADEDC /* Frameworks */,
				DBA450A91D2CE5E8001ADEDC /* Resources */,
				AA078AE50BC8067BC87C9411 /* Embed Pods Frameworks */,
				633E095D5387EEB07E2CFB20 /* Copy Pods Resources */,
			);
			buildRules = (
			);
			dependencies = (
			);
			name = YHDevelopFramework;
			productName = YHDevelopFramework;
			productReference = DBA450AB1D2CE5E8001ADEDC /* YHDevelopFramework.app */;
			productType = "com.apple.product-type.application";
		};
/* End PBXNativeTarget section */

/* Begin PBXProject section */
		DBA450A31D2CE5E8001ADEDC /* Project object */ = {
			isa = PBXProject;
			attributes = {
				KnownAssetTags = (
					aadd,
				);
				LastUpgradeCheck = 0730;
				ORGANIZATIONNAME = isoftstone;
				TargetAttributes = {
					DBA450AA1D2CE5E8001ADEDC = {
						CreatedOnToolsVersion = 7.3;
					};
				};
			};
			buildConfigurationList = DBA450A61D2CE5E8001ADEDC /* Build configuration list for PBXProject "YHDevelopFramework" */;
			compatibilityVersion = "Xcode 3.2";
			developmentRegion = English;
			hasScannedForEncodings = 0;
			knownRegions = (
				Base,
			);
			mainGroup = DBA450A21D2CE5E8001ADEDC;
			productRefGroup = DBA450AC1D2CE5E8001ADEDC /* Products */;
			projectDirPath = "";
			projectRoot = "";
			targets = (
				DBA450AA1D2CE5E8001ADEDC /* YHDevelopFramework */,
			);
		};
/* End PBXProject section */

/* Begin PBXResourcesBuildPhase section */
		DBA450A91D2CE5E8001ADEDC /* Resources */ = {
			isa = PBXResourcesBuildPhase;
			buildActionMask = 2147483647;
			files = (
				DBE835D81D587AAC00DABBBA /* testResources.strings in Resources */,
				DBA450E61D2CEE2E001ADEDC /* readMe.strings in Resources */,
				DBC66F4D1D4B2B21009666AF /* ZHCN_Language.strings in Resources */,
				DBBCA3DE1D3DFC1300ED7014 /* YHList.plist in Resources */,
				DBA450BE1D2CE5E8001ADEDC /* LaunchScreen.storyboard in Resources */,
				DBC66F4F1D4B2B44009666AF /* EN_Language.strings in Resources */,
				DBA450BB1D2CE5E8001ADEDC /* Assets.xcassets in Resources */,
				DBA450B91D2CE5E8001ADEDC /* Main.storyboard in Resources */,
			);
			runOnlyForDeploymentPostprocessing = 0;
		};
/* End PBXResourcesBuildPhase section */

/* Begin PBXShellScriptBuildPhase section */
		0142974F8163472AE14F05E0 /* Check Pods Manifest.lock */ = {
			isa = PBXShellScriptBuildPhase;
			buildActionMask = 2147483647;
			files = (
			);
			inputPaths = (
			);
			name = "Check Pods Manifest.lock";
			outputPaths = (
			);
			runOnlyForDeploymentPostprocessing = 0;
			shellPath = /bin/sh;
			shellScript = "diff \"${PODS_ROOT}/../Podfile.lock\" \"${PODS_ROOT}/Manifest.lock\" > /dev/null\nif [[ $? != 0 ]] ; then\n    cat << EOM\nerror: The sandbox is not in sync with the Podfile.lock. Run 'pod install' or update your CocoaPods installation.\nEOM\n    exit 1\nfi\n";
			showEnvVarsInLog = 0;
		};
		633E095D5387EEB07E2CFB20 /* Copy Pods Resources */ = {
			isa = PBXShellScriptBuildPhase;
			buildActionMask = 2147483647;
			files = (
			);
			inputPaths = (
			);
			name = "Copy Pods Resources";
			outputPaths = (
			);
			runOnlyForDeploymentPostprocessing = 0;
			shellPath = /bin/sh;
			shellScript = "\"${SRCROOT}/Pods/Target Support Files/Pods/Pods-resources.sh\"\n";
			showEnvVarsInLog = 0;
		};
		AA078AE50BC8067BC87C9411 /* Embed Pods Frameworks */ = {
			isa = PBXShellScriptBuildPhase;
			buildActionMask = 2147483647;
			files = (
			);
			inputPaths = (
			);
			name = "Embed Pods Frameworks";
			outputPaths = (
			);
			runOnlyForDeploymentPostprocessing = 0;
			shellPath = /bin/sh;
			shellScript = "\"${SRCROOT}/Pods/Target Support Files/Pods/Pods-frameworks.sh\"\n";
			showEnvVarsInLog = 0;
		};
/* End PBXShellScriptBuildPhase section */

/* Begin PBXSourcesBuildPhase section */
		DBA450A71D2CE5E8001ADEDC /* Sources */ = {
			isa = PBXSourcesBuildPhase;
			buildActionMask = 2147483647;
			files = (
				DBB8629D1D3CD60500A5951F /* Entity.m in Sources */,
				DB53F7131D48A02D0065F49E /* RegularCheck.m in Sources */,
				DBA450B61D2CE5E8001ADEDC /* ViewController.m in Sources */,
				DB22B6061D40C5530009A973 /* Person.m in Sources */,
				DBF277171D4C830100EDB2EB /* YHFileManager.m in Sources */,
				DBBCA3D71D3DD4F800ED7014 /* ViewController2.m in Sources */,
				DBB862991D3CBF2000A5951F /* UIImageView+BorderChange.m in Sources */,
				DBC66F521D4B382B009666AF /* ViewController3.m in Sources */,
				DB3DA0C51D34ECF30016D137 /* YHLogFormat.m in Sources */,
				DB02433C1D54656C00E99FA8 /* YHReachability.m in Sources */,
				DBA450E91D2D0771001ADEDC /* NSDate+YHDateFormat.m in Sources */,
				DB53F7101D4898160065F49E /* NSString+Secret.m in Sources */,
				DB3DA0C21D34E0190016D137 /* YHLogger.m in Sources */,
				DBF2771A1D4C847800EDB2EB /* YHFileCompress.m in Sources */,
				DBEAAC0F1D55D9A200A4E76A /* YHNetCache.m in Sources */,
				DB53F70A1D4892F00065F49E /* NSNumber+Formatter.m in Sources */,
				DBA450CE1D2CEA91001ADEDC /* BaseViewController.m in Sources */,
				DB53F7241D48AF800065F49E /* YHInternationalControl.m in Sources */,
				DB44B54A1D3F5CE0000D98C5 /* YHDBSQLite.m in Sources */,
				DB3DA0BF1D34D2500016D137 /* UIView+Frame.m in Sources */,
				DB44B54D1D3F8371000D98C5 /* YHDBManager.m in Sources */,
				DB53F7011D4889CF0065F49E /* NSObject+JsonAndDic.m in Sources */,
				DBA450D41D2CEADD001ADEDC /* BaseService.m in Sources */,
				DB53F7041D488C990065F49E /* BaseTableViewCell.m in Sources */,
				DB0243361D54290900E99FA8 /* YHNetWork.m in Sources */,
				DB3DA0BC1D34BC360016D137 /* YHDeviceTools.m in Sources */,
				DBF2771D1D4C84BE00EDB2EB /* YHFileAction.m in Sources */,
				DBA450D11D2CEAAE001ADEDC /* BaseView.m in Sources */,
				DB53F7071D488D290065F49E /* BaseCollectionViewCell.m in Sources */,
				DBBCA3E11D3E074B00ED7014 /* UIImage+ChangeSize.m in Sources */,
				DB0243331D54268000E99FA8 /* NSString+Rect.m in Sources */,
				DBA450B31D2CE5E8001ADEDC /* AppDelegate.m in Sources */,
				DB63FAC11D37811B000C06F5 /* YHCrashCatch.m in Sources */,
				DBA450B01D2CE5E8001ADEDC /* main.m in Sources */,
				DB315B5E1D41FE9100069C87 /* YHDBYTKValueStore.m in Sources */,
			);
			runOnlyForDeploymentPostprocessing = 0;
		};
/* End PBXSourcesBuildPhase section */

/* Begin PBXVariantGroup section */
		DBA450B71D2CE5E8001ADEDC /* Main.storyboard */ = {
			isa = PBXVariantGroup;
			children = (
				DBA450B81D2CE5E8001ADEDC /* Base */,
			);
			name = Main.storyboard;
			sourceTree = "<group>";
		};
		DBA450BC1D2CE5E8001ADEDC /* LaunchScreen.storyboard */ = {
			isa = PBXVariantGroup;
			children = (
				DBA450BD1D2CE5E8001ADEDC /* Base */,
			);
			name = LaunchScreen.storyboard;
			sourceTree = "<group>";
		};
/* End PBXVariantGroup section */

/* Begin XCBuildConfiguration section */
		DBA450C01D2CE5E8001ADEDC /* Debug */ = {
			isa = XCBuildConfiguration;
			buildSettings = {
				ALWAYS_SEARCH_USER_PATHS = NO;
				CLANG_ANALYZER_NONNULL = YES;
				CLANG_CXX_LANGUAGE_STANDARD = "gnu++0x";
				CLANG_CXX_LIBRARY = "libc++";
				CLANG_ENABLE_MODULES = YES;
				CLANG_ENABLE_OBJC_ARC = YES;
				CLANG_WARN_BOOL_CONVERSION = YES;
				CLANG_WARN_CONSTANT_CONVERSION = YES;
				CLANG_WARN_DIRECT_OBJC_ISA_USAGE = YES_ERROR;
				CLANG_WARN_EMPTY_BODY = YES;
				CLANG_WARN_ENUM_CONVERSION = YES;
				CLANG_WARN_INT_CONVERSION = YES;
				CLANG_WARN_OBJC_ROOT_CLASS = YES_ERROR;
				CLANG_WARN_UNREACHABLE_CODE = YES;
				CLANG_WARN__DUPLICATE_METHOD_MATCH = YES;
				"CODE_SIGN_IDENTITY[sdk=iphoneos*]" = "iPhone Developer";
				COPY_PHASE_STRIP = NO;
				DEBUG_INFORMATION_FORMAT = dwarf;
				ENABLE_STRICT_OBJC_MSGSEND = YES;
				ENABLE_TESTABILITY = YES;
				GCC_C_LANGUAGE_STANDARD = gnu99;
				GCC_DYNAMIC_NO_PIC = NO;
				GCC_NO_COMMON_BLOCKS = YES;
				GCC_OPTIMIZATION_LEVEL = 0;
				GCC_PREPROCESSOR_DEFINITIONS = (
					"DEBUG=1",
					"$(inherited)",
				);
				GCC_WARN_64_TO_32_BIT_CONVERSION = YES;
				GCC_WARN_ABOUT_RETURN_TYPE = YES_ERROR;
				GCC_WARN_UNDECLARED_SELECTOR = YES;
				GCC_WARN_UNINITIALIZED_AUTOS = YES_AGGRESSIVE;
				GCC_WARN_UNUSED_FUNCTION = YES;
				GCC_WARN_UNUSED_VARIABLE = YES;
				IPHONEOS_DEPLOYMENT_TARGET = 9.3;
				MTL_ENABLE_DEBUG_INFO = YES;
				ONLY_ACTIVE_ARCH = YES;
				SDKROOT = iphoneos;
			};
			name = Debug;
		};
		DBA450C11D2CE5E8001ADEDC /* Release */ = {
			isa = XCBuildConfiguration;
			buildSettings = {
				ALWAYS_SEARCH_USER_PATHS = NO;
				CLANG_ANALYZER_NONNULL = YES;
				CLANG_CXX_LANGUAGE_STANDARD = "gnu++0x";
				CLANG_CXX_LIBRARY = "libc++";
				CLANG_ENABLE_MODULES = YES;
				CLANG_ENABLE_OBJC_ARC = YES;
				CLANG_WARN_BOOL_CONVERSION = YES;
				CLANG_WARN_CONSTANT_CONVERSION = YES;
				CLANG_WARN_DIRECT_OBJC_ISA_USAGE = YES_ERROR;
				CLANG_WARN_EMPTY_BODY = YES;
				CLANG_WARN_ENUM_CONVERSION = YES;
				CLANG_WARN_INT_CONVERSION = YES;
				CLANG_WARN_OBJC_ROOT_CLASS = YES_ERROR;
				CLANG_WARN_UNREACHABLE_CODE = YES;
				CLANG_WARN__DUPLICATE_METHOD_MATCH = YES;
				"CODE_SIGN_IDENTITY[sdk=iphoneos*]" = "iPhone Developer";
				COPY_PHASE_STRIP = NO;
				DEBUG_INFORMATION_FORMAT = "dwarf-with-dsym";
				ENABLE_NS_ASSERTIONS = NO;
				ENABLE_STRICT_OBJC_MSGSEND = YES;
				GCC_C_LANGUAGE_STANDARD = gnu99;
				GCC_NO_COMMON_BLOCKS = YES;
				GCC_WARN_64_TO_32_BIT_CONVERSION = YES;
				GCC_WARN_ABOUT_RETURN_TYPE = YES_ERROR;
				GCC_WARN_UNDECLARED_SELECTOR = YES;
				GCC_WARN_UNINITIALIZED_AUTOS = YES_AGGRESSIVE;
				GCC_WARN_UNUSED_FUNCTION = YES;
				GCC_WARN_UNUSED_VARIABLE = YES;
				IPHONEOS_DEPLOYMENT_TARGET = 9.3;
				MTL_ENABLE_DEBUG_INFO = NO;
				SDKROOT = iphoneos;
				VALIDATE_PRODUCT = YES;
			};
			name = Release;
		};
		DBA450C31D2CE5E8001ADEDC /* Debug */ = {
			isa = XCBuildConfiguration;
			baseConfigurationReference = DD0E1219D0BEF083B310C3CF /* Pods.debug.xcconfig */;
			buildSettings = {
				ASSETCATALOG_COMPILER_APPICON_NAME = AppIcon;
				INFOPLIST_FILE = YHDevelopFramework/Info.plist;
				IPHONEOS_DEPLOYMENT_TARGET = 8.0;
				LD_RUNPATH_SEARCH_PATHS = "$(inherited) @executable_path/Frameworks";
				PRODUCT_BUNDLE_IDENTIFIER = com.isoftstone.YHDevelopFramework;
				PRODUCT_NAME = "$(TARGET_NAME)";
			};
			name = Debug;
		};
		DBA450C41D2CE5E8001ADEDC /* Release */ = {
			isa = XCBuildConfiguration;
			baseConfigurationReference = 7C43B3DB5A87B567429D9E18 /* Pods.release.xcconfig */;
			buildSettings = {
				ASSETCATALOG_COMPILER_APPICON_NAME = AppIcon;
				INFOPLIST_FILE = YHDevelopFramework/Info.plist;
				IPHONEOS_DEPLOYMENT_TARGET = 8.0;
				LD_RUNPATH_SEARCH_PATHS = "$(inherited) @executable_path/Frameworks";
				PRODUCT_BUNDLE_IDENTIFIER = com.isoftstone.YHDevelopFramework;
				PRODUCT_NAME = "$(TARGET_NAME)";
			};
			name = Release;
		};
/* End XCBuildConfiguration section */

/* Begin XCConfigurationList section */
		DBA450A61D2CE5E8001ADEDC /* Build configuration list for PBXProject "YHDevelopFramework" */ = {
			isa = XCConfigurationList;
			buildConfigurations = (
				DBA450C01D2CE5E8001ADEDC /* Debug */,
				DBA450C11D2CE5E8001ADEDC /* Release */,
			);
			defaultConfigurationIsVisible = 0;
			defaultConfigurationName = Release;
		};
		DBA450C21D2CE5E8001ADEDC /* Build configuration list for PBXNativeTarget "YHDevelopFramework" */ = {
			isa = XCConfigurationList;
			buildConfigurations = (
				DBA450C31D2CE5E8001ADEDC /* Debug */,
				DBA450C41D2CE5E8001ADEDC /* Release */,
			);
			defaultConfigurationIsVisible = 0;
			defaultConfigurationName = Release;
		};
/* End XCConfigurationList section */
	};
	rootObject = DBA450A31D2CE5E8001ADEDC /* Project object */;
}
